PODS:
  - AFNetworking (3.1.0):
    - AFNetworking/NSURLSession (= 3.1.0)
    - AFNetworking/Reachability (= 3.1.0)
    - AFNetworking/Security (= 3.1.0)
    - AFNetworking/Serialization (= 3.1.0)
    - AFNetworking/UIKit (= 3.1.0)
  - AFNetworking/NSURLSession (3.1.0):
    - AFNetworking/Reachability
    - AFNetworking/Security
    - AFNetworking/Serialization
  - AFNetworking/Reachability (3.1.0)
  - AFNetworking/Security (3.1.0)
  - AFNetworking/Serialization (3.1.0)
  - AFNetworking/UIKit (3.1.0):
    - AFNetworking/NSURLSession
  - SolarKit-OC (0.0.1)

DEPENDENCIES:
  - AFNetworking
  - SolarKit-OC (from `../`)

EXTERNAL SOURCES:
  SolarKit-OC:
    :path: "../"

SPEC CHECKSUMS:
  AFNetworking: 5e0e199f73d8626b11e79750991f5d173d1f8b67
  SolarKit-OC: b186e5e9360af548ca8762bccd55a86a4e3bc096

PODFILE CHECKSUM: fcff4a8db9f5d05cda68a3736d7b27f36e76fe96

COCOAPODS: 1.2.0
