// !$*UTF8*$!
{
	archiveVersion = 1;
	classes = {
	};
	objectVersion = 46;
	objects = {

/* Begin PBXBuildFile section */
		274D6CF81F32CAA100BE3539 /* NSArray+SLFoundation.m in Sources */ = {isa = PBXBuildFile; fileRef = 274D6CF71F32CAA100BE3539 /* NSArray+SLFoundation.m */; };
		AB081C5D3BD84BC44AF0617F /* Pods_Example.framework in Frameworks */ = {isa = PBXBuildFile; fileRef = 44125AF57A8CFEB57B353E8E /* Pods_Example.framework */; };
		F8046BAE1F394E4D00E5885A /* UIButton+SLBlock.m in Sources */ = {isa = PBXBuildFile; fileRef = F8046BAD1F394E4D00E5885A /* UIButton+SLBlock.m */; };
		F8046BB11F39586900E5885A /* UIScreen+SLKit.m in Sources */ = {isa = PBXBuildFile; fileRef = F8046BB01F39586900E5885A /* UIScreen+SLKit.m */; };
		F8046BB41F395DC300E5885A /* UILabel+SLPlaceholder.m in Sources */ = {isa = PBXBuildFile; fileRef = F8046BB31F395DC300E5885A /* UILabel+SLPlaceholder.m */; };
		F8046BBA1F395E5600E5885A /* UITextView+SLPlaceholder.m in Sources */ = {isa = PBXBuildFile; fileRef = F8046BB91F395E5600E5885A /* UITextView+SLPlaceholder.m */; };
		F8046BBD1F395F9700E5885A /* UITextField+SLBlock.m in Sources */ = {isa = PBXBuildFile; fileRef = F8046BBC1F395F9700E5885A /* UITextField+SLBlock.m */; };
		F8046BC31F398C5B00E5885A /* UINavigationController+SLHidesBottomBarWhenPushed.m in Sources */ = {isa = PBXBuildFile; fileRef = F8046BC21F398C5B00E5885A /* UINavigationController+SLHidesBottomBarWhenPushed.m */; };
		F8046BC61F398ECB00E5885A /* UINavigationController+SLTransition.m in Sources */ = {isa = PBXBuildFile; fileRef = F8046BC51F398ECB00E5885A /* UINavigationController+SLTransition.m */; };
		F8046BC91F398FDB00E5885A /* UINavigationController+SLRemoveVC.m in Sources */ = {isa = PBXBuildFile; fileRef = F8046BC81F398FDB00E5885A /* UINavigationController+SLRemoveVC.m */; };
		F8046BD21F3AAF6100E5885A /* UIView+SLLayer.m in Sources */ = {isa = PBXBuildFile; fileRef = F8046BD11F3AAF6100E5885A /* UIView+SLLayer.m */; };
		F8046BD51F3AB9EC00E5885A /* UIImage+SLLuban.m in Sources */ = {isa = PBXBuildFile; fileRef = F8046BD41F3AB9EC00E5885A /* UIImage+SLLuban.m */; };
		F8046BD81F3AC0F800E5885A /* UIImagePickerController+SLBlock.m in Sources */ = {isa = PBXBuildFile; fileRef = F8046BD71F3AC0F800E5885A /* UIImagePickerController+SLBlock.m */; };
		F85E5F3B1F4D73A6004E4271 /* UIView+SLRect.m in Sources */ = {isa = PBXBuildFile; fileRef = F85E5F3A1F4D73A6004E4271 /* UIView+SLRect.m */; };
		F8682D2E1F4527020065DA3E /* UIViewController+SLNavigationItem.m in Sources */ = {isa = PBXBuildFile; fileRef = F8682D2D1F4527020065DA3E /* UIViewController+SLNavigationItem.m */; };
		F8682D341F456FD60065DA3E /* UINavigationBar+SLKit.m in Sources */ = {isa = PBXBuildFile; fileRef = F8682D331F456FD60065DA3E /* UINavigationBar+SLKit.m */; };
		F8682D371F4599A60065DA3E /* HomeVC.m in Sources */ = {isa = PBXBuildFile; fileRef = F8682D361F4599A60065DA3E /* HomeVC.m */; };
		F8B9F46C1F3C53CF00BE897D /* UICollectionViewCell+SLHighlighted.m in Sources */ = {isa = PBXBuildFile; fileRef = F8B9F46B1F3C53CF00BE897D /* UICollectionViewCell+SLHighlighted.m */; };
		F8CB540D1F0C7CA60032DE46 /* main.m in Sources */ = {isa = PBXBuildFile; fileRef = F8CB540C1F0C7CA60032DE46 /* main.m */; };
		F8CB54101F0C7CA60032DE46 /* AppDelegate.m in Sources */ = {isa = PBXBuildFile; fileRef = F8CB540F1F0C7CA60032DE46 /* AppDelegate.m */; };
		F8CB54131F0C7CA60032DE46 /* ViewController.m in Sources */ = {isa = PBXBuildFile; fileRef = F8CB54121F0C7CA60032DE46 /* ViewController.m */; };
		F8CB54161F0C7CA60032DE46 /* Main.storyboard in Resources */ = {isa = PBXBuildFile; fileRef = F8CB54141F0C7CA60032DE46 /* Main.storyboard */; };
		F8CB54181F0C7CA60032DE46 /* Assets.xcassets in Resources */ = {isa = PBXBuildFile; fileRef = F8CB54171F0C7CA60032DE46 /* Assets.xcassets */; };
		F8CB541B1F0C7CA60032DE46 /* LaunchScreen.storyboard in Resources */ = {isa = PBXBuildFile; fileRef = F8CB54191F0C7CA60032DE46 /* LaunchScreen.storyboard */; };
		F8CB54371F0E21020032DE46 /* Podfile in Resources */ = {isa = PBXBuildFile; fileRef = F8CB54361F0E21020032DE46 /* Podfile */; };
		F8D9037F1F346DAF00FF3BC8 /* NSData+SLFoundation.m in Sources */ = {isa = PBXBuildFile; fileRef = F8D9037E1F346DAF00FF3BC8 /* NSData+SLFoundation.m */; };
		F8D903821F380ACC00FF3BC8 /* UIActionSheet+SLBlock.m in Sources */ = {isa = PBXBuildFile; fileRef = F8D903811F380ACC00FF3BC8 /* UIActionSheet+SLBlock.m */; };
		F8D903851F380B3C00FF3BC8 /* UINavigationController+SLPopGesture.m in Sources */ = {isa = PBXBuildFile; fileRef = F8D903841F380B3C00FF3BC8 /* UINavigationController+SLPopGesture.m */; };
		F8FCBEDA1F31BE83000C5DF5 /* NSBundle+SLFoundation.m in Sources */ = {isa = PBXBuildFile; fileRef = F8FCBEBD1F31BE83000C5DF5 /* NSBundle+SLFoundation.m */; };
		F8FCBEDB1F31BE83000C5DF5 /* NSFileManager+SLFoundation.m in Sources */ = {isa = PBXBuildFile; fileRef = F8FCBEBF1F31BE83000C5DF5 /* NSFileManager+SLFoundation.m */; };
		F8FCBEDC1F31BE83000C5DF5 /* NSTimer+SLBlock.m in Sources */ = {isa = PBXBuildFile; fileRef = F8FCBEC11F31BE83000C5DF5 /* NSTimer+SLBlock.m */; };
		F8FCBEDD1F31BE83000C5DF5 /* UIAlertView+SLBlock.m in Sources */ = {isa = PBXBuildFile; fileRef = F8FCBEC61F31BE83000C5DF5 /* UIAlertView+SLBlock.m */; };
		F8FCBEDE1F31BE83000C5DF5 /* UIApplication+SLKit.m in Sources */ = {isa = PBXBuildFile; fileRef = F8FCBEC81F31BE83000C5DF5 /* UIApplication+SLKit.m */; };
		F8FCBEE01F31BE83000C5DF5 /* UIColor+SLHex.m in Sources */ = {isa = PBXBuildFile; fileRef = F8FCBECC1F31BE83000C5DF5 /* UIColor+SLHex.m */; };
		F8FCBEE11F31BE83000C5DF5 /* UIDevice+SLKit.m in Sources */ = {isa = PBXBuildFile; fileRef = F8FCBECE1F31BE83000C5DF5 /* UIDevice+SLKit.m */; };
		F8FCBEE31F31BE83000C5DF5 /* UINavigationItem+SLNilTitleBackItem.m in Sources */ = {isa = PBXBuildFile; fileRef = F8FCBED21F31BE83000C5DF5 /* UINavigationItem+SLNilTitleBackItem.m */; };
		F8FCBEE41F31BE83000C5DF5 /* UIView+SLGesture.m in Sources */ = {isa = PBXBuildFile; fileRef = F8FCBED41F31BE83000C5DF5 /* UIView+SLGesture.m */; };
		F8FCBEE51F31BE83000C5DF5 /* UIViewController+SLKit.m in Sources */ = {isa = PBXBuildFile; fileRef = F8FCBED61F31BE83000C5DF5 /* UIViewController+SLKit.m */; };
		F8FCBEE81F31BEA9000C5DF5 /* NSString+SLFoundation.m in Sources */ = {isa = PBXBuildFile; fileRef = F8FCBEE71F31BEA9000C5DF5 /* NSString+SLFoundation.m */; };
/* End PBXBuildFile section */

/* Begin PBXFileReference section */
		274D6CF61F32CAA100BE3539 /* NSArray+SLFoundation.h */ = {isa = PBXFileReference; fileEncoding = 4; lastKnownFileType = sourcecode.c.h; path = "NSArray+SLFoundation.h"; sourceTree = "<group>"; };
		274D6CF71F32CAA100BE3539 /* NSArray+SLFoundation.m */ = {isa = PBXFileReference; fileEncoding = 4; lastKnownFileType = sourcecode.c.objc; path = "NSArray+SLFoundation.m"; sourceTree = "<group>"; };
		44125AF57A8CFEB57B353E8E /* Pods_Example.framework */ = {isa = PBXFileReference; explicitFileType = wrapper.framework; includeInIndex = 0; path = Pods_Example.framework; sourceTree = BUILT_PRODUCTS_DIR; };
		646B9356CD92FBAA7B38C540 /* Pods-Example.debug.xcconfig */ = {isa = PBXFileReference; includeInIndex = 1; lastKnownFileType = text.xcconfig; name = "Pods-Example.debug.xcconfig"; path = "Pods/Target Support Files/Pods-Example/Pods-Example.debug.xcconfig"; sourceTree = "<group>"; };
		F8046BAC1F394E4D00E5885A /* UIButton+SLBlock.h */ = {isa = PBXFileReference; fileEncoding = 4; lastKnownFileType = sourcecode.c.h; path = "UIButton+SLBlock.h"; sourceTree = "<group>"; };
		F8046BAD1F394E4D00E5885A /* UIButton+SLBlock.m */ = {isa = PBXFileReference; fileEncoding = 4; lastKnownFileType = sourcecode.c.objc; path = "UIButton+SLBlock.m"; sourceTree = "<group>"; };
		F8046BAF1F39586900E5885A /* UIScreen+SLKit.h */ = {isa = PBXFileReference; fileEncoding = 4; lastKnownFileType = sourcecode.c.h; path = "UIScreen+SLKit.h"; sourceTree = "<group>"; };
		F8046BB01F39586900E5885A /* UIScreen+SLKit.m */ = {isa = PBXFileReference; fileEncoding = 4; lastKnownFileType = sourcecode.c.objc; path = "UIScreen+SLKit.m"; sourceTree = "<group>"; };
		F8046BB21F395DC300E5885A /* UILabel+SLPlaceholder.h */ = {isa = PBXFileReference; fileEncoding = 4; lastKnownFileType = sourcecode.c.h; path = "UILabel+SLPlaceholder.h"; sourceTree = "<group>"; };
		F8046BB31F395DC300E5885A /* UILabel+SLPlaceholder.m */ = {isa = PBXFileReference; fileEncoding = 4; lastKnownFileType = sourcecode.c.objc; path = "UILabel+SLPlaceholder.m"; sourceTree = "<group>"; };
		F8046BB81F395E5600E5885A /* UITextView+SLPlaceholder.h */ = {isa = PBXFileReference; fileEncoding = 4; lastKnownFileType = sourcecode.c.h; path = "UITextView+SLPlaceholder.h"; sourceTree = "<group>"; };
		F8046BB91F395E5600E5885A /* UITextView+SLPlaceholder.m */ = {isa = PBXFileReference; fileEncoding = 4; lastKnownFileType = sourcecode.c.objc; path = "UITextView+SLPlaceholder.m"; sourceTree = "<group>"; };
		F8046BBB1F395F9700E5885A /* UITextField+SLBlock.h */ = {isa = PBXFileReference; fileEncoding = 4; lastKnownFileType = sourcecode.c.h; path = "UITextField+SLBlock.h"; sourceTree = "<group>"; };
		F8046BBC1F395F9700E5885A /* UITextField+SLBlock.m */ = {isa = PBXFileReference; fileEncoding = 4; lastKnownFileType = sourcecode.c.objc; path = "UITextField+SLBlock.m"; sourceTree = "<group>"; };
		F8046BC11F398C5B00E5885A /* UINavigationController+SLHidesBottomBarWhenPushed.h */ = {isa = PBXFileReference; fileEncoding = 4; lastKnownFileType = sourcecode.c.h; path = "UINavigationController+SLHidesBottomBarWhenPushed.h"; sourceTree = "<group>"; };
		F8046BC21F398C5B00E5885A /* UINavigationController+SLHidesBottomBarWhenPushed.m */ = {isa = PBXFileReference; fileEncoding = 4; lastKnownFileType = sourcecode.c.objc; path = "UINavigationController+SLHidesBottomBarWhenPushed.m"; sourceTree = "<group>"; };
		F8046BC41F398ECB00E5885A /* UINavigationController+SLTransition.h */ = {isa = PBXFileReference; fileEncoding = 4; lastKnownFileType = sourcecode.c.h; path = "UINavigationController+SLTransition.h"; sourceTree = "<group>"; };
		F8046BC51F398ECB00E5885A /* UINavigationController+SLTransition.m */ = {isa = PBXFileReference; fileEncoding = 4; lastKnownFileType = sourcecode.c.objc; path = "UINavigationController+SLTransition.m"; sourceTree = "<group>"; };
		F8046BC71F398FDB00E5885A /* UINavigationController+SLRemoveVC.h */ = {isa = PBXFileReference; fileEncoding = 4; lastKnownFileType = sourcecode.c.h; path = "UINavigationController+SLRemoveVC.h"; sourceTree = "<group>"; };
		F8046BC81F398FDB00E5885A /* UINavigationController+SLRemoveVC.m */ = {isa = PBXFileReference; fileEncoding = 4; lastKnownFileType = sourcecode.c.objc; path = "UINavigationController+SLRemoveVC.m"; sourceTree = "<group>"; };
		F8046BD01F3AAF6100E5885A /* UIView+SLLayer.h */ = {isa = PBXFileReference; fileEncoding = 4; lastKnownFileType = sourcecode.c.h; path = "UIView+SLLayer.h"; sourceTree = "<group>"; };
		F8046BD11F3AAF6100E5885A /* UIView+SLLayer.m */ = {isa = PBXFileReference; fileEncoding = 4; lastKnownFileType = sourcecode.c.objc; path = "UIView+SLLayer.m"; sourceTree = "<group>"; };
		F8046BD31F3AB9EC00E5885A /* UIImage+SLLuban.h */ = {isa = PBXFileReference; fileEncoding = 4; lastKnownFileType = sourcecode.c.h; path = "UIImage+SLLuban.h"; sourceTree = "<group>"; };
		F8046BD41F3AB9EC00E5885A /* UIImage+SLLuban.m */ = {isa = PBXFileReference; fileEncoding = 4; lastKnownFileType = sourcecode.c.objc; path = "UIImage+SLLuban.m"; sourceTree = "<group>"; };
		F8046BD61F3AC0F800E5885A /* UIImagePickerController+SLBlock.h */ = {isa = PBXFileReference; fileEncoding = 4; lastKnownFileType = sourcecode.c.h; path = "UIImagePickerController+SLBlock.h"; sourceTree = "<group>"; };
		F8046BD71F3AC0F800E5885A /* UIImagePickerController+SLBlock.m */ = {isa = PBXFileReference; fileEncoding = 4; lastKnownFileType = sourcecode.c.objc; path = "UIImagePickerController+SLBlock.m"; sourceTree = "<group>"; };
		F85E5F391F4D73A6004E4271 /* UIView+SLRect.h */ = {isa = PBXFileReference; fileEncoding = 4; lastKnownFileType = sourcecode.c.h; path = "UIView+SLRect.h"; sourceTree = "<group>"; };
		F85E5F3A1F4D73A6004E4271 /* UIView+SLRect.m */ = {isa = PBXFileReference; fileEncoding = 4; lastKnownFileType = sourcecode.c.objc; path = "UIView+SLRect.m"; sourceTree = "<group>"; };
		F8682D2C1F4527020065DA3E /* UIViewController+SLNavigationItem.h */ = {isa = PBXFileReference; fileEncoding = 4; lastKnownFileType = sourcecode.c.h; path = "UIViewController+SLNavigationItem.h"; sourceTree = "<group>"; };
		F8682D2D1F4527020065DA3E /* UIViewController+SLNavigationItem.m */ = {isa = PBXFileReference; fileEncoding = 4; lastKnownFileType = sourcecode.c.objc; path = "UIViewController+SLNavigationItem.m"; sourceTree = "<group>"; };
		F8682D321F456FD60065DA3E /* UINavigationBar+SLKit.h */ = {isa = PBXFileReference; fileEncoding = 4; lastKnownFileType = sourcecode.c.h; path = "UINavigationBar+SLKit.h"; sourceTree = "<group>"; };
		F8682D331F456FD60065DA3E /* UINavigationBar+SLKit.m */ = {isa = PBXFileReference; fileEncoding = 4; lastKnownFileType = sourcecode.c.objc; path = "UINavigationBar+SLKit.m"; sourceTree = "<group>"; };
		F8682D351F4599A60065DA3E /* HomeVC.h */ = {isa = PBXFileReference; fileEncoding = 4; lastKnownFileType = sourcecode.c.h; path = HomeVC.h; sourceTree = "<group>"; };
		F8682D361F4599A60065DA3E /* HomeVC.m */ = {isa = PBXFileReference; fileEncoding = 4; lastKnownFileType = sourcecode.c.objc; path = HomeVC.m; sourceTree = "<group>"; };
		F8B9F46A1F3C53CF00BE897D /* UICollectionViewCell+SLHighlighted.h */ = {isa = PBXFileReference; fileEncoding = 4; lastKnownFileType = sourcecode.c.h; path = "UICollectionViewCell+SLHighlighted.h"; sourceTree = "<group>"; };
		F8B9F46B1F3C53CF00BE897D /* UICollectionViewCell+SLHighlighted.m */ = {isa = PBXFileReference; fileEncoding = 4; lastKnownFileType = sourcecode.c.objc; path = "UICollectionViewCell+SLHighlighted.m"; sourceTree = "<group>"; };
		F8B9F46E1F3D3F1F00BE897D /* SLUtils.h */ = {isa = PBXFileReference; lastKnownFileType = sourcecode.c.h; path = SLUtils.h; sourceTree = "<group>"; };
		F8CB54081F0C7CA60032DE46 /* Example.app */ = {isa = PBXFileReference; explicitFileType = wrapper.application; includeInIndex = 0; path = Example.app; sourceTree = BUILT_PRODUCTS_DIR; };
		F8CB540C1F0C7CA60032DE46 /* main.m */ = {isa = PBXFileReference; lastKnownFileType = sourcecode.c.objc; path = main.m; sourceTree = "<group>"; };
		F8CB540E1F0C7CA60032DE46 /* AppDelegate.h */ = {isa = PBXFileReference; lastKnownFileType = sourcecode.c.h; path = AppDelegate.h; sourceTree = "<group>"; };
		F8CB540F1F0C7CA60032DE46 /* AppDelegate.m */ = {isa = PBXFileReference; lastKnownFileType = sourcecode.c.objc; path = AppDelegate.m; sourceTree = "<group>"; };
		F8CB54111F0C7CA60032DE46 /* ViewController.h */ = {isa = PBXFileReference; lastKnownFileType = sourcecode.c.h; path = ViewController.h; sourceTree = "<group>"; };
		F8CB54121F0C7CA60032DE46 /* ViewController.m */ = {isa = PBXFileReference; lastKnownFileType = sourcecode.c.objc; path = ViewController.m; sourceTree = "<group>"; };
		F8CB54151F0C7CA60032DE46 /* Base */ = {isa = PBXFileReference; lastKnownFileType = file.storyboard; name = Base; path = Base.lproj/Main.storyboard; sourceTree = "<group>"; };
		F8CB54171F0C7CA60032DE46 /* Assets.xcassets */ = {isa = PBXFileReference; lastKnownFileType = folder.assetcatalog; path = Assets.xcassets; sourceTree = "<group>"; };
		F8CB541A1F0C7CA60032DE46 /* Base */ = {isa = PBXFileReference; lastKnownFileType = file.storyboard; name = Base; path = Base.lproj/LaunchScreen.storyboard; sourceTree = "<group>"; };
		F8CB541C1F0C7CA60032DE46 /* Info.plist */ = {isa = PBXFileReference; lastKnownFileType = text.plist.xml; path = Info.plist; sourceTree = "<group>"; };
		F8CB54361F0E21020032DE46 /* Podfile */ = {isa = PBXFileReference; fileEncoding = 4; lastKnownFileType = text; path = Podfile; sourceTree = "<group>"; xcLanguageSpecificationIdentifier = xcode.lang.ruby; };
		F8D9037D1F346DAF00FF3BC8 /* NSData+SLFoundation.h */ = {isa = PBXFileReference; fileEncoding = 4; lastKnownFileType = sourcecode.c.h; path = "NSData+SLFoundation.h"; sourceTree = "<group>"; };
		F8D9037E1F346DAF00FF3BC8 /* NSData+SLFoundation.m */ = {isa = PBXFileReference; fileEncoding = 4; lastKnownFileType = sourcecode.c.objc; path = "NSData+SLFoundation.m"; sourceTree = "<group>"; };
		F8D903801F380ACC00FF3BC8 /* UIActionSheet+SLBlock.h */ = {isa = PBXFileReference; fileEncoding = 4; lastKnownFileType = sourcecode.c.h; path = "UIActionSheet+SLBlock.h"; sourceTree = "<group>"; };
		F8D903811F380ACC00FF3BC8 /* UIActionSheet+SLBlock.m */ = {isa = PBXFileReference; fileEncoding = 4; lastKnownFileType = sourcecode.c.objc; path = "UIActionSheet+SLBlock.m"; sourceTree = "<group>"; };
		F8D903831F380B3C00FF3BC8 /* UINavigationController+SLPopGesture.h */ = {isa = PBXFileReference; fileEncoding = 4; lastKnownFileType = sourcecode.c.h; path = "UINavigationController+SLPopGesture.h"; sourceTree = "<group>"; };
		F8D903841F380B3C00FF3BC8 /* UINavigationController+SLPopGesture.m */ = {isa = PBXFileReference; fileEncoding = 4; lastKnownFileType = sourcecode.c.objc; path = "UINavigationController+SLPopGesture.m"; sourceTree = "<group>"; };
		F8FCBEBC1F31BE83000C5DF5 /* NSBundle+SLFoundation.h */ = {isa = PBXFileReference; fileEncoding = 4; lastKnownFileType = sourcecode.c.h; path = "NSBundle+SLFoundation.h"; sourceTree = "<group>"; };
		F8FCBEBD1F31BE83000C5DF5 /* NSBundle+SLFoundation.m */ = {isa = PBXFileReference; fileEncoding = 4; lastKnownFileType = sourcecode.c.objc; path = "NSBundle+SLFoundation.m"; sourceTree = "<group>"; };
		F8FCBEBE1F31BE83000C5DF5 /* NSFileManager+SLFoundation.h */ = {isa = PBXFileReference; fileEncoding = 4; lastKnownFileType = sourcecode.c.h; path = "NSFileManager+SLFoundation.h"; sourceTree = "<group>"; };
		F8FCBEBF1F31BE83000C5DF5 /* NSFileManager+SLFoundation.m */ = {isa = PBXFileReference; fileEncoding = 4; lastKnownFileType = sourcecode.c.objc; path = "NSFileManager+SLFoundation.m"; sourceTree = "<group>"; };
		F8FCBEC01F31BE83000C5DF5 /* NSTimer+SLBlock.h */ = {isa = PBXFileReference; fileEncoding = 4; lastKnownFileType = sourcecode.c.h; path = "NSTimer+SLBlock.h"; sourceTree = "<group>"; };
		F8FCBEC11F31BE83000C5DF5 /* NSTimer+SLBlock.m */ = {isa = PBXFileReference; fileEncoding = 4; lastKnownFileType = sourcecode.c.objc; path = "NSTimer+SLBlock.m"; sourceTree = "<group>"; };
		F8FCBEC21F31BE83000C5DF5 /* SLFoundation.h */ = {isa = PBXFileReference; fileEncoding = 4; lastKnownFileType = sourcecode.c.h; path = SLFoundation.h; sourceTree = "<group>"; };
		F8FCBEC41F31BE83000C5DF5 /* SLKit.h */ = {isa = PBXFileReference; fileEncoding = 4; lastKnownFileType = sourcecode.c.h; path = SLKit.h; sourceTree = "<group>"; };
		F8FCBEC51F31BE83000C5DF5 /* UIAlertView+SLBlock.h */ = {isa = PBXFileReference; fileEncoding = 4; lastKnownFileType = sourcecode.c.h; path = "UIAlertView+SLBlock.h"; sourceTree = "<group>"; };
		F8FCBEC61F31BE83000C5DF5 /* UIAlertView+SLBlock.m */ = {isa = PBXFileReference; fileEncoding = 4; lastKnownFileType = sourcecode.c.objc; path = "UIAlertView+SLBlock.m"; sourceTree = "<group>"; };
		F8FCBEC71F31BE83000C5DF5 /* UIApplication+SLKit.h */ = {isa = PBXFileReference; fileEncoding = 4; lastKnownFileType = sourcecode.c.h; path = "UIApplication+SLKit.h"; sourceTree = "<group>"; };
		F8FCBEC81F31BE83000C5DF5 /* UIApplication+SLKit.m */ = {isa = PBXFileReference; fileEncoding = 4; lastKnownFileType = sourcecode.c.objc; path = "UIApplication+SLKit.m"; sourceTree = "<group>"; };
		F8FCBECB1F31BE83000C5DF5 /* UIColor+SLHex.h */ = {isa = PBXFileReference; fileEncoding = 4; lastKnownFileType = sourcecode.c.h; path = "UIColor+SLHex.h"; sourceTree = "<group>"; };
		F8FCBECC1F31BE83000C5DF5 /* UIColor+SLHex.m */ = {isa = PBXFileReference; fileEncoding = 4; lastKnownFileType = sourcecode.c.objc; path = "UIColor+SLHex.m"; sourceTree = "<group>"; };
		F8FCBECD1F31BE83000C5DF5 /* UIDevice+SLKit.h */ = {isa = PBXFileReference; fileEncoding = 4; lastKnownFileType = sourcecode.c.h; path = "UIDevice+SLKit.h"; sourceTree = "<group>"; };
		F8FCBECE1F31BE83000C5DF5 /* UIDevice+SLKit.m */ = {isa = PBXFileReference; fileEncoding = 4; lastKnownFileType = sourcecode.c.objc; path = "UIDevice+SLKit.m"; sourceTree = "<group>"; };
		F8FCBED11F31BE83000C5DF5 /* UINavigationItem+SLNilTitleBackItem.h */ = {isa = PBXFileReference; fileEncoding = 4; lastKnownFileType = sourcecode.c.h; path = "UINavigationItem+SLNilTitleBackItem.h"; sourceTree = "<group>"; };
		F8FCBED21F31BE83000C5DF5 /* UINavigationItem+SLNilTitleBackItem.m */ = {isa = PBXFileReference; fileEncoding = 4; lastKnownFileType = sourcecode.c.objc; path = "UINavigationItem+SLNilTitleBackItem.m"; sourceTree = "<group>"; };
		F8FCBED31F31BE83000C5DF5 /* UIView+SLGesture.h */ = {isa = PBXFileReference; fileEncoding = 4; lastKnownFileType = sourcecode.c.h; path = "UIView+SLGesture.h"; sourceTree = "<group>"; };
		F8FCBED41F31BE83000C5DF5 /* UIView+SLGesture.m */ = {isa = PBXFileReference; fileEncoding = 4; lastKnownFileType = sourcecode.c.objc; path = "UIView+SLGesture.m"; sourceTree = "<group>"; };
		F8FCBED51F31BE83000C5DF5 /* UIViewController+SLKit.h */ = {isa = PBXFileReference; fileEncoding = 4; lastKnownFileType = sourcecode.c.h; path = "UIViewController+SLKit.h"; sourceTree = "<group>"; };
		F8FCBED61F31BE83000C5DF5 /* UIViewController+SLKit.m */ = {isa = PBXFileReference; fileEncoding = 4; lastKnownFileType = sourcecode.c.objc; path = "UIViewController+SLKit.m"; sourceTree = "<group>"; };
		F8FCBED91F31BE83000C5DF5 /* SLNetwork.h */ = {isa = PBXFileReference; fileEncoding = 4; lastKnownFileType = sourcecode.c.h; path = SLNetwork.h; sourceTree = "<group>"; };
		F8FCBEE61F31BEA9000C5DF5 /* NSString+SLFoundation.h */ = {isa = PBXFileReference; fileEncoding = 4; lastKnownFileType = sourcecode.c.h; path = "NSString+SLFoundation.h"; sourceTree = "<group>"; };
		F8FCBEE71F31BEA9000C5DF5 /* NSString+SLFoundation.m */ = {isa = PBXFileReference; fileEncoding = 4; lastKnownFileType = sourcecode.c.objc; path = "NSString+SLFoundation.m"; sourceTree = "<group>"; };
		F8FCBEEF1F32B804000C5DF5 /* SLDefine.h */ = {isa = PBXFileReference; lastKnownFileType = sourcecode.c.h; path = SLDefine.h; sourceTree = "<group>"; };
		F8FCBEF01F32B837000C5DF5 /* SLLog.h */ = {isa = PBXFileReference; lastKnownFileType = sourcecode.c.h; path = SLLog.h; sourceTree = "<group>"; };
		F8FCBEF11F32B84B000C5DF5 /* SLSingleton.h */ = {isa = PBXFileReference; lastKnownFileType = sourcecode.c.h; path = SLSingleton.h; sourceTree = "<group>"; };
		F8FCBEF21F32B8FB000C5DF5 /* SLRacNew.h */ = {isa = PBXFileReference; lastKnownFileType = sourcecode.c.h; path = SLRacNew.h; sourceTree = "<group>"; };
		FD26416DBAEA85F95F654CBF /* Pods-Example.release.xcconfig */ = {isa = PBXFileReference; includeInIndex = 1; lastKnownFileType = text.xcconfig; name = "Pods-Example.release.xcconfig"; path = "Pods/Target Support Files/Pods-Example/Pods-Example.release.xcconfig"; sourceTree = "<group>"; };
/* End PBXFileReference section */

/* Begin PBXFrameworksBuildPhase section */
		F8CB54051F0C7CA60032DE46 /* Frameworks */ = {
			isa = PBXFrameworksBuildPhase;
			buildActionMask = 2147483647;
			files = (
				AB081C5D3BD84BC44AF0617F /* Pods_Example.framework in Frameworks */,
			);
			runOnlyForDeploymentPostprocessing = 0;
		};
/* End PBXFrameworksBuildPhase section */

/* Begin PBXGroup section */
		19449061B2A07D355623F1D5 /* Pods */ = {
			isa = PBXGroup;
			children = (
				646B9356CD92FBAA7B38C540 /* Pods-Example.debug.xcconfig */,
				FD26416DBAEA85F95F654CBF /* Pods-Example.release.xcconfig */,
			);
			name = Pods;
			sourceTree = "<group>";
		};
		30B3D8124C5DA2FE71B08CDA /* Frameworks */ = {
			isa = PBXGroup;
			children = (
				44125AF57A8CFEB57B353E8E /* Pods_Example.framework */,
			);
			name = Frameworks;
			sourceTree = "<group>";
		};
		F8B9F46D1F3D3F1300BE897D /* Utils */ = {
			isa = PBXGroup;
			children = (
				F8B9F46E1F3D3F1F00BE897D /* SLUtils.h */,
			);
			path = Utils;
			sourceTree = "<group>";
		};
		F8CB53FF1F0C7CA60032DE46 = {
			isa = PBXGroup;
			children = (
				F8CB54361F0E21020032DE46 /* Podfile */,
				F8FCBEB71F31BE82000C5DF5 /* SolarKit-OC */,
				F8CB540A1F0C7CA60032DE46 /* Example */,
				F8CB54091F0C7CA60032DE46 /* Products */,
				19449061B2A07D355623F1D5 /* Pods */,
				30B3D8124C5DA2FE71B08CDA /* Frameworks */,
			);
			sourceTree = "<group>";
		};
		F8CB54091F0C7CA60032DE46 /* Products */ = {
			isa = PBXGroup;
			children = (
				F8CB54081F0C7CA60032DE46 /* Example.app */,
			);
			name = Products;
			sourceTree = "<group>";
		};
		F8CB540A1F0C7CA60032DE46 /* Example */ = {
			isa = PBXGroup;
			children = (
				F8CB540E1F0C7CA60032DE46 /* AppDelegate.h */,
				F8CB540F1F0C7CA60032DE46 /* AppDelegate.m */,
				F8682D351F4599A60065DA3E /* HomeVC.h */,
				F8682D361F4599A60065DA3E /* HomeVC.m */,
				F8CB54111F0C7CA60032DE46 /* ViewController.h */,
				F8CB54121F0C7CA60032DE46 /* ViewController.m */,
				F8CB54141F0C7CA60032DE46 /* Main.storyboard */,
				F8CB54171F0C7CA60032DE46 /* Assets.xcassets */,
				F8CB54191F0C7CA60032DE46 /* LaunchScreen.storyboard */,
				F8CB541C1F0C7CA60032DE46 /* Info.plist */,
				F8CB540B1F0C7CA60032DE46 /* Supporting Files */,
			);
			path = Example;
			sourceTree = "<group>";
		};
		F8CB540B1F0C7CA60032DE46 /* Supporting Files */ = {
			isa = PBXGroup;
			children = (
				F8CB540C1F0C7CA60032DE46 /* main.m */,
			);
			name = "Supporting Files";
			sourceTree = "<group>";
		};
		F8FCBEB71F31BE82000C5DF5 /* SolarKit-OC */ = {
			isa = PBXGroup;
			children = (
				F8B9F46D1F3D3F1300BE897D /* Utils */,
				F8FCBEEE1F32B7ED000C5DF5 /* Define */,
				F8FCBEB81F31BE82000C5DF5 /* Category */,
				F8FCBED71F31BE83000C5DF5 /* DB */,
				F8FCBED81F31BE83000C5DF5 /* Network */,
			);
			name = "SolarKit-OC";
			path = "../SolarKit-OC";
			sourceTree = "<group>";
		};
		F8FCBEB81F31BE82000C5DF5 /* Category */ = {
			isa = PBXGroup;
			children = (
				F8FCBEBB1F31BE83000C5DF5 /* NSFoundation */,
				F8FCBEC31F31BE83000C5DF5 /* UIKit */,
			);
			path = Category;
			sourceTree = "<group>";
		};
		F8FCBEBB1F31BE83000C5DF5 /* NSFoundation */ = {
			isa = PBXGroup;
			children = (
				F8FCBEC21F31BE83000C5DF5 /* SLFoundation.h */,
				F8FCBEBC1F31BE83000C5DF5 /* NSBundle+SLFoundation.h */,
				F8FCBEBD1F31BE83000C5DF5 /* NSBundle+SLFoundation.m */,
				F8FCBEBE1F31BE83000C5DF5 /* NSFileManager+SLFoundation.h */,
				F8FCBEBF1F31BE83000C5DF5 /* NSFileManager+SLFoundation.m */,
				F8FCBEC01F31BE83000C5DF5 /* NSTimer+SLBlock.h */,
				F8FCBEC11F31BE83000C5DF5 /* NSTimer+SLBlock.m */,
				F8FCBEE61F31BEA9000C5DF5 /* NSString+SLFoundation.h */,
				F8FCBEE71F31BEA9000C5DF5 /* NSString+SLFoundation.m */,
				F8D9037D1F346DAF00FF3BC8 /* NSData+SLFoundation.h */,
				F8D9037E1F346DAF00FF3BC8 /* NSData+SLFoundation.m */,
				274D6CF61F32CAA100BE3539 /* NSArray+SLFoundation.h */,
				274D6CF71F32CAA100BE3539 /* NSArray+SLFoundation.m */,
			);
			path = NSFoundation;
			sourceTree = "<group>";
		};
		F8FCBEC31F31BE83000C5DF5 /* UIKit */ = {
			isa = PBXGroup;
			children = (
				F8FCBEC41F31BE83000C5DF5 /* SLKit.h */,
				F8D903801F380ACC00FF3BC8 /* UIActionSheet+SLBlock.h */,
				F8D903811F380ACC00FF3BC8 /* UIActionSheet+SLBlock.m */,
				F8FCBEC51F31BE83000C5DF5 /* UIAlertView+SLBlock.h */,
				F8FCBEC61F31BE83000C5DF5 /* UIAlertView+SLBlock.m */,
				F8FCBEC71F31BE83000C5DF5 /* UIApplication+SLKit.h */,
				F8FCBEC81F31BE83000C5DF5 /* UIApplication+SLKit.m */,
				F8046BAC1F394E4D00E5885A /* UIButton+SLBlock.h */,
				F8046BAD1F394E4D00E5885A /* UIButton+SLBlock.m */,
				F8B9F46A1F3C53CF00BE897D /* UICollectionViewCell+SLHighlighted.h */,
				F8B9F46B1F3C53CF00BE897D /* UICollectionViewCell+SLHighlighted.m */,
				F8FCBECB1F31BE83000C5DF5 /* UIColor+SLHex.h */,
				F8FCBECC1F31BE83000C5DF5 /* UIColor+SLHex.m */,
				F8FCBECD1F31BE83000C5DF5 /* UIDevice+SLKit.h */,
				F8FCBECE1F31BE83000C5DF5 /* UIDevice+SLKit.m */,
				F8046BD31F3AB9EC00E5885A /* UIImage+SLLuban.h */,
				F8046BD41F3AB9EC00E5885A /* UIImage+SLLuban.m */,
				F8046BD61F3AC0F800E5885A /* UIImagePickerController+SLBlock.h */,
				F8046BD71F3AC0F800E5885A /* UIImagePickerController+SLBlock.m */,
				F8046BB21F395DC300E5885A /* UILabel+SLPlaceholder.h */,
				F8046BB31F395DC300E5885A /* UILabel+SLPlaceholder.m */,
				F8682D321F456FD60065DA3E /* UINavigationBar+SLKit.h */,
				F8682D331F456FD60065DA3E /* UINavigationBar+SLKit.m */,
				F8046BC11F398C5B00E5885A /* UINavigationController+SLHidesBottomBarWhenPushed.h */,
				F8046BC21F398C5B00E5885A /* UINavigationController+SLHidesBottomBarWhenPushed.m */,
				F8D903831F380B3C00FF3BC8 /* UINavigationController+SLPopGesture.h */,
				F8D903841F380B3C00FF3BC8 /* UINavigationController+SLPopGesture.m */,
				F8046BC71F398FDB00E5885A /* UINavigationController+SLRemoveVC.h */,
				F8046BC81F398FDB00E5885A /* UINavigationController+SLRemoveVC.m */,
				F8046BC41F398ECB00E5885A /* UINavigationController+SLTransition.h */,
				F8046BC51F398ECB00E5885A /* UINavigationController+SLTransition.m */,
				F8FCBED11F31BE83000C5DF5 /* UINavigationItem+SLNilTitleBackItem.h */,
				F8FCBED21F31BE83000C5DF5 /* UINavigationItem+SLNilTitleBackItem.m */,
				F8046BAF1F39586900E5885A /* UIScreen+SLKit.h */,
				F8046BB01F39586900E5885A /* UIScreen+SLKit.m */,
				F8046BBB1F395F9700E5885A /* UITextField+SLBlock.h */,
				F8046BBC1F395F9700E5885A /* UITextField+SLBlock.m */,
				F8046BB81F395E5600E5885A /* UITextView+SLPlaceholder.h */,
				F8046BB91F395E5600E5885A /* UITextView+SLPlaceholder.m */,
				F85E5F391F4D73A6004E4271 /* UIView+SLRect.h */,
				F85E5F3A1F4D73A6004E4271 /* UIView+SLRect.m */,
				F8046BD01F3AAF6100E5885A /* UIView+SLLayer.h */,
				F8046BD11F3AAF6100E5885A /* UIView+SLLayer.m */,
				F8FCBED31F31BE83000C5DF5 /* UIView+SLGesture.h */,
				F8FCBED41F31BE83000C5DF5 /* UIView+SLGesture.m */,
				F8FCBED51F31BE83000C5DF5 /* UIViewController+SLKit.h */,
				F8FCBED61F31BE83000C5DF5 /* UIViewController+SLKit.m */,
				F8682D2C1F4527020065DA3E /* UIViewController+SLNavigationItem.h */,
				F8682D2D1F4527020065DA3E /* UIViewController+SLNavigationItem.m */,
			);
			path = UIKit;
			sourceTree = "<group>";
		};
		F8FCBED71F31BE83000C5DF5 /* DB */ = {
			isa = PBXGroup;
			children = (
			);
			path = DB;
			sourceTree = "<group>";
		};
		F8FCBED81F31BE83000C5DF5 /* Network */ = {
			isa = PBXGroup;
			children = (
				F8FCBED91F31BE83000C5DF5 /* SLNetwork.h */,
			);
			path = Network;
			sourceTree = "<group>";
		};
		F8FCBEEE1F32B7ED000C5DF5 /* Define */ = {
			isa = PBXGroup;
			children = (
				F8FCBEEF1F32B804000C5DF5 /* SLDefine.h */,
				F8FCBEF01F32B837000C5DF5 /* SLLog.h */,
				F8FCBEF11F32B84B000C5DF5 /* SLSingleton.h */,
				F8FCBEF21F32B8FB000C5DF5 /* SLRacNew.h */,
			);
			path = Define;
			sourceTree = "<group>";
		};
/* End PBXGroup section */

/* Begin PBXNativeTarget section */
		F8CB54071F0C7CA60032DE46 /* Example */ = {
			isa = PBXNativeTarget;
			buildConfigurationList = F8CB541F1F0C7CA60032DE46 /* Build configuration list for PBXNativeTarget "Example" */;
			buildPhases = (
				D0FE0D1E9D949D861150F9F4 /* [CP] Check Pods Manifest.lock */,
				F8CB54041F0C7CA60032DE46 /* Sources */,
				F8CB54051F0C7CA60032DE46 /* Frameworks */,
				F8CB54061F0C7CA60032DE46 /* Resources */,
				1A8F4958F4AFEE6320DF791F /* [CP] Embed Pods Frameworks */,
				B52D529EC076DE3742A8D154 /* [CP] Copy Pods Resources */,
				F8FCBEEA1F31D515000C5DF5 /* TODO-Warning */,
			);
			buildRules = (
			);
			dependencies = (
			);
			name = Example;
			productName = Example;
			productReference = F8CB54081F0C7CA60032DE46 /* Example.app */;
			productType = "com.apple.product-type.application";
		};
/* End PBXNativeTarget section */

/* Begin PBXProject section */
		F8CB54001F0C7CA60032DE46 /* Project object */ = {
			isa = PBXProject;
			attributes = {
				LastUpgradeCheck = 0830;
				ORGANIZATIONNAME = SolarKit;
				TargetAttributes = {
					F8CB54071F0C7CA60032DE46 = {
						CreatedOnToolsVersion = 8.3.3;
						DevelopmentTeam = L5WU564W59;
						ProvisioningStyle = Manual;
					};
				};
			};
			buildConfigurationList = F8CB54031F0C7CA60032DE46 /* Build configuration list for PBXProject "Example" */;
			compatibilityVersion = "Xcode 3.2";
			developmentRegion = English;
			hasScannedForEncodings = 0;
			knownRegions = (
				en,
				Base,
			);
			mainGroup = F8CB53FF1F0C7CA60032DE46;
			productRefGroup = F8CB54091F0C7CA60032DE46 /* Products */;
			projectDirPath = "";
			projectRoot = "";
			targets = (
				F8CB54071F0C7CA60032DE46 /* Example */,
			);
		};
/* End PBXProject section */

/* Begin PBXResourcesBuildPhase section */
		F8CB54061F0C7CA60032DE46 /* Resources */ = {
			isa = PBXResourcesBuildPhase;
			buildActionMask = 2147483647;
			files = (
				F8CB541B1F0C7CA60032DE46 /* LaunchScreen.storyboard in Resources */,
				F8CB54181F0C7CA60032DE46 /* Assets.xcassets in Resources */,
				F8CB54371F0E21020032DE46 /* Podfile in Resources */,
				F8CB54161F0C7CA60032DE46 /* Main.storyboard in Resources */,
			);
			runOnlyForDeploymentPostprocessing = 0;
		};
/* End PBXResourcesBuildPhase section */

/* Begin PBXShellScriptBuildPhase section */
		1A8F4958F4AFEE6320DF791F /* [CP] Embed Pods Frameworks */ = {
			isa = PBXShellScriptBuildPhase;
			buildActionMask = 2147483647;
			files = (
			);
			inputPaths = (
			);
			name = "[CP] Embed Pods Frameworks";
			outputPaths = (
			);
			runOnlyForDeploymentPostprocessing = 0;
			shellPath = /bin/sh;
			shellScript = "\"${SRCROOT}/Pods/Target Support Files/Pods-Example/Pods-Example-frameworks.sh\"\n";
			showEnvVarsInLog = 0;
		};
		B52D529EC076DE3742A8D154 /* [CP] Copy Pods Resources */ = {
			isa = PBXShellScriptBuildPhase;
			buildActionMask = 2147483647;
			files = (
			);
			inputPaths = (
			);
			name = "[CP] Copy Pods Resources";
			outputPaths = (
			);
			runOnlyForDeploymentPostprocessing = 0;
			shellPath = /bin/sh;
			shellScript = "\"${SRCROOT}/Pods/Target Support Files/Pods-Example/Pods-Example-resources.sh\"\n";
			showEnvVarsInLog = 0;
		};
		D0FE0D1E9D949D861150F9F4 /* [CP] Check Pods Manifest.lock */ = {
			isa = PBXShellScriptBuildPhase;
			buildActionMask = 2147483647;
			files = (
			);
			inputPaths = (
			);
			name = "[CP] Check Pods Manifest.lock";
			outputPaths = (
			);
			runOnlyForDeploymentPostprocessing = 0;
			shellPath = /bin/sh;
			shellScript = "diff \"${PODS_ROOT}/../Podfile.lock\" \"${PODS_ROOT}/Manifest.lock\" > /dev/null\nif [ $? != 0 ] ; then\n    # print error to STDERR\n    echo \"error: The sandbox is not in sync with the Podfile.lock. Run 'pod install' or update your CocoaPods installation.\" >&2\n    exit 1\nfi\n";
			showEnvVarsInLog = 0;
		};
		F8FCBEEA1F31D515000C5DF5 /* TODO-Warning */ = {
			isa = PBXShellScriptBuildPhase;
			buildActionMask = 2147483647;
			files = (
			);
			inputPaths = (
			);
			name = "TODO-Warning";
			outputPaths = (
			);
			runOnlyForDeploymentPostprocessing = 0;
			shellPath = /bin/sh;
			shellScript = "KEYWORDS=\"TODO-|FIXME-|DevTeam-|XXX-\"\nfind \"${SRCROOT}/..\" \\( -name \"*.h\" -or -name \"*.m\" \\) -print0 | xargs -0 egrep --with-filename --line-number --only-matching \"($KEYWORDS).*\\$\" | perl -p -e \"s/($KEYWORDS)/ warning: \\$1/\"";
		};
/* End PBXShellScriptBuildPhase section */

/* Begin PBXSourcesBuildPhase section */
		F8CB54041F0C7CA60032DE46 /* Sources */ = {
			isa = PBXSourcesBuildPhase;
			buildActionMask = 2147483647;
			files = (
				F8682D371F4599A60065DA3E /* HomeVC.m in Sources */,
				F8046BC91F398FDB00E5885A /* UINavigationController+SLRemoveVC.m in Sources */,
				F8CB54131F0C7CA60032DE46 /* ViewController.m in Sources */,
				F8CB54101F0C7CA60032DE46 /* AppDelegate.m in Sources */,
				F8FCBEDD1F31BE83000C5DF5 /* UIAlertView+SLBlock.m in Sources */,
				F8D9037F1F346DAF00FF3BC8 /* NSData+SLFoundation.m in Sources */,
				F8B9F46C1F3C53CF00BE897D /* UICollectionViewCell+SLHighlighted.m in Sources */,
				F8FCBEE31F31BE83000C5DF5 /* UINavigationItem+SLNilTitleBackItem.m in Sources */,
				F8FCBEDA1F31BE83000C5DF5 /* NSBundle+SLFoundation.m in Sources */,
				F8FCBEE11F31BE83000C5DF5 /* UIDevice+SLKit.m in Sources */,
				274D6CF81F32CAA100BE3539 /* NSArray+SLFoundation.m in Sources */,
				F8682D2E1F4527020065DA3E /* UIViewController+SLNavigationItem.m in Sources */,
				F8FCBEDE1F31BE83000C5DF5 /* UIApplication+SLKit.m in Sources */,
				F8046BD21F3AAF6100E5885A /* UIView+SLLayer.m in Sources */,
				F8D903851F380B3C00FF3BC8 /* UINavigationController+SLPopGesture.m in Sources */,
				F85E5F3B1F4D73A6004E4271 /* UIView+SLRect.m in Sources */,
				F8046BD51F3AB9EC00E5885A /* UIImage+SLLuban.m in Sources */,
				F8046BBA1F395E5600E5885A /* UITextView+SLPlaceholder.m in Sources */,
				F8682D341F456FD60065DA3E /* UINavigationBar+SLKit.m in Sources */,
				F8046BBD1F395F9700E5885A /* UITextField+SLBlock.m in Sources */,
				F8FCBEDB1F31BE83000C5DF5 /* NSFileManager+SLFoundation.m in Sources */,
				F8CB540D1F0C7CA60032DE46 /* main.m in Sources */,
				F8FCBEE81F31BEA9000C5DF5 /* NSString+SLFoundation.m in Sources */,
				F8046BD81F3AC0F800E5885A /* UIImagePickerController+SLBlock.m in Sources */,
				F8FCBEE41F31BE83000C5DF5 /* UIView+SLGesture.m in Sources */,
				F8046BC31F398C5B00E5885A /* UINavigationController+SLHidesBottomBarWhenPushed.m in Sources */,
				F8FCBEE51F31BE83000C5DF5 /* UIViewController+SLKit.m in Sources */,
				F8046BAE1F394E4D00E5885A /* UIButton+SLBlock.m in Sources */,
				F8046BC61F398ECB00E5885A /* UINavigationController+SLTransition.m in Sources */,
				F8046BB41F395DC300E5885A /* UILabel+SLPlaceholder.m in Sources */,
				F8FCBEE01F31BE83000C5DF5 /* UIColor+SLHex.m in Sources */,
				F8D903821F380ACC00FF3BC8 /* UIActionSheet+SLBlock.m in Sources */,
				F8FCBEDC1F31BE83000C5DF5 /* NSTimer+SLBlock.m in Sources */,
				F8046BB11F39586900E5885A /* UIScreen+SLKit.m in Sources */,
			);
			runOnlyForDeploymentPostprocessing = 0;
		};
/* End PBXSourcesBuildPhase section */

/* Begin PBXVariantGroup section */
		F8CB54141F0C7CA60032DE46 /* Main.storyboard */ = {
			isa = PBXVariantGroup;
			children = (
				F8CB54151F0C7CA60032DE46 /* Base */,
			);
			name = Main.storyboard;
			sourceTree = "<group>";
		};
		F8CB54191F0C7CA60032DE46 /* LaunchScreen.storyboard */ = {
			isa = PBXVariantGroup;
			children = (
				F8CB541A1F0C7CA60032DE46 /* Base */,
			);
			name = LaunchScreen.storyboard;
			sourceTree = "<group>";
		};
/* End PBXVariantGroup section */

/* Begin XCBuildConfiguration section */
		F8CB541D1F0C7CA60032DE46 /* Debug */ = {
			isa = XCBuildConfiguration;
			buildSettings = {
				ALWAYS_SEARCH_USER_PATHS = NO;
				CLANG_ANALYZER_NONNULL = YES;
				CLANG_ANALYZER_NUMBER_OBJECT_CONVERSION = YES_AGGRESSIVE;
				CLANG_CXX_LANGUAGE_STANDARD = "gnu++0x";
				CLANG_CXX_LIBRARY = "libc++";
				CLANG_ENABLE_MODULES = YES;
				CLANG_ENABLE_OBJC_ARC = YES;
				CLANG_WARN_BOOL_CONVERSION = YES;
				CLANG_WARN_CONSTANT_CONVERSION = YES;
				CLANG_WARN_DIRECT_OBJC_ISA_USAGE = YES_ERROR;
				CLANG_WARN_DOCUMENTATION_COMMENTS = YES;
				CLANG_WARN_EMPTY_BODY = YES;
				CLANG_WARN_ENUM_CONVERSION = YES;
				CLANG_WARN_INFINITE_RECURSION = YES;
				CLANG_WARN_INT_CONVERSION = YES;
				CLANG_WARN_OBJC_ROOT_CLASS = YES_ERROR;
				CLANG_WARN_SUSPICIOUS_MOVE = YES;
				CLANG_WARN_UNREACHABLE_CODE = YES;
				CLANG_WARN__DUPLICATE_METHOD_MATCH = YES;
				"CODE_SIGN_IDENTITY[sdk=iphoneos*]" = "iPhone Developer";
				COPY_PHASE_STRIP = NO;
				DEBUG_INFORMATION_FORMAT = dwarf;
				ENABLE_STRICT_OBJC_MSGSEND = YES;
				ENABLE_TESTABILITY = YES;
				GCC_C_LANGUAGE_STANDARD = gnu99;
				GCC_DYNAMIC_NO_PIC = NO;
				GCC_NO_COMMON_BLOCKS = YES;
				GCC_OPTIMIZATION_LEVEL = 0;
				GCC_PREPROCESSOR_DEFINITIONS = (
					"DEBUG=1",
					"$(inherited)",
				);
				GCC_WARN_64_TO_32_BIT_CONVERSION = YES;
				GCC_WARN_ABOUT_RETURN_TYPE = YES_ERROR;
				GCC_WARN_UNDECLARED_SELECTOR = YES;
				GCC_WARN_UNINITIALIZED_AUTOS = YES_AGGRESSIVE;
				GCC_WARN_UNUSED_FUNCTION = YES;
				GCC_WARN_UNUSED_VARIABLE = YES;
				IPHONEOS_DEPLOYMENT_TARGET = 10.3;
				MTL_ENABLE_DEBUG_INFO = YES;
				ONLY_ACTIVE_ARCH = YES;
				SDKROOT = iphoneos;
				TARGETED_DEVICE_FAMILY = "1,2";
			};
			name = Debug;
		};
		F8CB541E1F0C7CA60032DE46 /* Release */ = {
			isa = XCBuildConfiguration;
			buildSettings = {
				ALWAYS_SEARCH_USER_PATHS = NO;
				CLANG_ANALYZER_NONNULL = YES;
				CLANG_ANALYZER_NUMBER_OBJECT_CONVERSION = YES_AGGRESSIVE;
				CLANG_CXX_LANGUAGE_STANDARD = "gnu++0x";
				CLANG_CXX_LIBRARY = "libc++";
				CLANG_ENABLE_MODULES = YES;
				CLANG_ENABLE_OBJC_ARC = YES;
				CLANG_WARN_BOOL_CONVERSION = YES;
				CLANG_WARN_CONSTANT_CONVERSION = YES;
				CLANG_WARN_DIRECT_OBJC_ISA_USAGE = YES_ERROR;
				CLANG_WARN_DOCUMENTATION_COMMENTS = YES;
				CLANG_WARN_EMPTY_BODY = YES;
				CLANG_WARN_ENUM_CONVERSION = YES;
				CLANG_WARN_INFINITE_RECURSION = YES;
				CLANG_WARN_INT_CONVERSION = YES;
				CLANG_WARN_OBJC_ROOT_CLASS = YES_ERROR;
				CLANG_WARN_SUSPICIOUS_MOVE = YES;
				CLANG_WARN_UNREACHABLE_CODE = YES;
				CLANG_WARN__DUPLICATE_METHOD_MATCH = YES;
				"CODE_SIGN_IDENTITY[sdk=iphoneos*]" = "iPhone Developer";
				COPY_PHASE_STRIP = NO;
				DEBUG_INFORMATION_FORMAT = "dwarf-with-dsym";
				ENABLE_NS_ASSERTIONS = NO;
				ENABLE_STRICT_OBJC_MSGSEND = YES;
				GCC_C_LANGUAGE_STANDARD = gnu99;
				GCC_NO_COMMON_BLOCKS = YES;
				GCC_WARN_64_TO_32_BIT_CONVERSION = YES;
				GCC_WARN_ABOUT_RETURN_TYPE = YES_ERROR;
				GCC_WARN_UNDECLARED_SELECTOR = YES;
				GCC_WARN_UNINITIALIZED_AUTOS = YES_AGGRESSIVE;
				GCC_WARN_UNUSED_FUNCTION = YES;
				GCC_WARN_UNUSED_VARIABLE = YES;
				IPHONEOS_DEPLOYMENT_TARGET = 10.3;
				MTL_ENABLE_DEBUG_INFO = NO;
				SDKROOT = iphoneos;
				TARGETED_DEVICE_FAMILY = "1,2";
				VALIDATE_PRODUCT = YES;
			};
			name = Release;
		};
		F8CB54201F0C7CA60032DE46 /* Debug */ = {
			isa = XCBuildConfiguration;
			baseConfigurationReference = 646B9356CD92FBAA7B38C540 /* Pods-Example.debug.xcconfig */;
			buildSettings = {
				ASSETCATALOG_COMPILER_APPICON_NAME = AppIcon;
				DEVELOPMENT_TEAM = L5WU564W59;
				INFOPLIST_FILE = Example/Info.plist;
				IPHONEOS_DEPLOYMENT_TARGET = 8.0;
				LD_RUNPATH_SEARCH_PATHS = "$(inherited) @executable_path/Frameworks";
				PRODUCT_BUNDLE_IDENTIFIER = com.SolarKit.Example;
				PRODUCT_NAME = "$(TARGET_NAME)";
				PROVISIONING_PROFILE = "9b6ccde1-bfe6-4c3d-89b3-08b738d180f8";
				PROVISIONING_PROFILE_SPECIFIER = XNWildcard;
			};
			name = Debug;
		};
		F8CB54211F0C7CA60032DE46 /* Release */ = {
			isa = XCBuildConfiguration;
			baseConfigurationReference = FD26416DBAEA85F95F654CBF /* Pods-Example.release.xcconfig */;
			buildSettings = {
				ASSETCATALOG_COMPILER_APPICON_NAME = AppIcon;
				DEVELOPMENT_TEAM = "";
				INFOPLIST_FILE = Example/Info.plist;
				IPHONEOS_DEPLOYMENT_TARGET = 8.0;
				LD_RUNPATH_SEARCH_PATHS = "$(inherited) @executable_path/Frameworks";
				PRODUCT_BUNDLE_IDENTIFIER = com.SolarKit.Example;
				PRODUCT_NAME = "$(TARGET_NAME)";
				PROVISIONING_PROFILE_SPECIFIER = "";
			};
			name = Release;
		};
/* End XCBuildConfiguration section */

/* Begin XCConfigurationList section */
		F8CB54031F0C7CA60032DE46 /* Build configuration list for PBXProject "Example" */ = {
			isa = XCConfigurationList;
			buildConfigurations = (
				F8CB541D1F0C7CA60032DE46 /* Debug */,
				F8CB541E1F0C7CA60032DE46 /* Release */,
			);
			defaultConfigurationIsVisible = 0;
			defaultConfigurationName = Release;
		};
		F8CB541F1F0C7CA60032DE46 /* Build configuration list for PBXNativeTarget "Example" */ = {
			isa = XCConfigurationList;
			buildConfigurations = (
				F8CB54201F0C7CA60032DE46 /* Debug */,
				F8CB54211F0C7CA60032DE46 /* Release */,
			);
			defaultConfigurationIsVisible = 0;
			defaultConfigurationName = Release;
		};
/* End XCConfigurationList section */
	};
	rootObject = F8CB54001F0C7CA60032DE46 /* Project object */;
}
