// !$*UTF8*$!
{
	archiveVersion = 1;
	classes = {
	};
	objectVersion = 46;
	objects = {

/* Begin PBXBuildFile section */
		AB081C5D3BD84BC44AF0617F /* Pods_Example.framework in Frameworks */ = {isa = PBXBuildFile; fileRef = 44125AF57A8CFEB57B353E8E /* Pods_Example.framework */; };
		F80B843F1FD183B200293B0D /* NSHTTPURLResponse+Rexxar.m in Sources */ = {isa = PBXBuildFile; fileRef = F80B84361FD183B200293B0D /* NSHTTPURLResponse+Rexxar.m */; };
		F80B84411FD183B200293B0D /* SLURLProtocol.m in Sources */ = {isa = PBXBuildFile; fileRef = F80B843A1FD183B200293B0D /* SLURLProtocol.m */; };
		F80B84421FD183B200293B0D /* SLURLRequestSerialization.m in Sources */ = {isa = PBXBuildFile; fileRef = F80B843C1FD183B200293B0D /* SLURLRequestSerialization.m */; };
		F80B84431FD183B200293B0D /* SLURLSessionDemux.m in Sources */ = {isa = PBXBuildFile; fileRef = F80B843E1FD183B200293B0D /* SLURLSessionDemux.m */; };
		F80B844E1FD1842800293B0D /* SLRequestDecorator.m in Sources */ = {isa = PBXBuildFile; fileRef = F80B84471FD1842800293B0D /* SLRequestDecorator.m */; };
		F80B844F1FD1842800293B0D /* SLRequestInterceptor.m in Sources */ = {isa = PBXBuildFile; fileRef = F80B84491FD1842800293B0D /* SLRequestInterceptor.m */; };
		F80B84501FD1842800293B0D /* SLContainerInterceptor.m in Sources */ = {isa = PBXBuildFile; fileRef = F80B844D1FD1842800293B0D /* SLContainerInterceptor.m */; };
		F80B84521FD4E07700293B0D /* SLContainerAPI.m in Sources */ = {isa = PBXBuildFile; fileRef = F80B84511FD4E07700293B0D /* SLContainerAPI.m */; };
		F80B84541FD4E15F00293B0D /* SLDecorator.m in Sources */ = {isa = PBXBuildFile; fileRef = F80B84531FD4E15F00293B0D /* SLDecorator.m */; };
		F80B845A1FD4F86700293B0D /* SLAlertWidget.m in Sources */ = {isa = PBXBuildFile; fileRef = F80B84591FD4F86700293B0D /* SLAlertWidget.m */; };
		F80B845D1FD5354E00293B0D /* UIColor+SLWebHexColor.m in Sources */ = {isa = PBXBuildFile; fileRef = F80B845C1FD5354E00293B0D /* UIColor+SLWebHexColor.m */; };
		F80B84601FD5358800293B0D /* SLNavigationBarWidget.m in Sources */ = {isa = PBXBuildFile; fileRef = F80B845F1FD5358800293B0D /* SLNavigationBarWidget.m */; };
		F80B84631FD5436200293B0D /* SLLogContainerAPI.m in Sources */ = {isa = PBXBuildFile; fileRef = F80B84621FD5436200293B0D /* SLLogContainerAPI.m */; };
		F80B84661FD544F100293B0D /* NSData+SLWeb.m in Sources */ = {isa = PBXBuildFile; fileRef = F80B84651FD544F100293B0D /* NSData+SLWeb.m */; };
		F80B84691FD5485000293B0D /* SLOpenWebVCContainerAPI.m in Sources */ = {isa = PBXBuildFile; fileRef = F80B84681FD5485000293B0D /* SLOpenWebVCContainerAPI.m */; };
		F82099F11FCE568700D2F549 /* SLWebCache.m in Sources */ = {isa = PBXBuildFile; fileRef = F82099E51FCE568700D2F549 /* SLWebCache.m */; };
		F82099F21FCE568700D2F549 /* SLWebCacheCategory.m in Sources */ = {isa = PBXBuildFile; fileRef = F82099E71FCE568700D2F549 /* SLWebCacheCategory.m */; };
		F82099F31FCE568700D2F549 /* SLWebRoute.m in Sources */ = {isa = PBXBuildFile; fileRef = F82099ED1FCE568700D2F549 /* SLWebRoute.m */; };
		F82099F41FCE568700D2F549 /* SLWebViewController.m in Sources */ = {isa = PBXBuildFile; fileRef = F82099F01FCE568700D2F549 /* SLWebViewController.m */; };
		F82099F71FCE5FC500D2F549 /* NSString+SLWeb.m in Sources */ = {isa = PBXBuildFile; fileRef = F82099F61FCE5FC500D2F549 /* NSString+SLWeb.m */; };
		F82099FA1FCEB5AE00D2F549 /* NSDictionary+SLWeb.m in Sources */ = {isa = PBXBuildFile; fileRef = F82099F91FCEB5AE00D2F549 /* NSDictionary+SLWeb.m */; };
		F82099FD1FCF942C00D2F549 /* NSBundle+SLWeb.m in Sources */ = {isa = PBXBuildFile; fileRef = F82099FC1FCF942C00D2F549 /* NSBundle+SLWeb.m */; };
		F8209A001FCF9AD600D2F549 /* SLWeb.bundle in Resources */ = {isa = PBXBuildFile; fileRef = F82099FF1FCF9AD600D2F549 /* SLWeb.bundle */; };
		F8209A141FCFA30D00D2F549 /* SLManager.m in Sources */ = {isa = PBXBuildFile; fileRef = F8209A041FCFA30D00D2F549 /* SLManager.m */; };
		F8209A151FCFA30D00D2F549 /* SLNetworkConstant.m in Sources */ = {isa = PBXBuildFile; fileRef = F8209A071FCFA30D00D2F549 /* SLNetworkConstant.m */; };
		F8209A161FCFA30E00D2F549 /* SLRequest.m in Sources */ = {isa = PBXBuildFile; fileRef = F8209A0A1FCFA30D00D2F549 /* SLRequest.m */; };
		F8209A171FCFA30E00D2F549 /* SLResponse.m in Sources */ = {isa = PBXBuildFile; fileRef = F8209A0C1FCFA30D00D2F549 /* SLResponse.m */; };
		F8209A181FCFA30E00D2F549 /* SLTarget.m in Sources */ = {isa = PBXBuildFile; fileRef = F8209A0E1FCFA30D00D2F549 /* SLTarget.m */; };
		F8209A191FCFA30E00D2F549 /* SLRequestLogPlugin.m in Sources */ = {isa = PBXBuildFile; fileRef = F8209A111FCFA30D00D2F549 /* SLRequestLogPlugin.m */; };
		F8209A1A1FCFA30E00D2F549 /* SLRequestToDictionaryPlugin.m in Sources */ = {isa = PBXBuildFile; fileRef = F8209A131FCFA30D00D2F549 /* SLRequestToDictionaryPlugin.m */; };
		F8209A5A1FCFA32000D2F549 /* NSArray+SLFoundation.m in Sources */ = {isa = PBXBuildFile; fileRef = F8209A1E1FCFA32000D2F549 /* NSArray+SLFoundation.m */; };
		F8209A5B1FCFA32000D2F549 /* NSBundle+SLFoundation.m in Sources */ = {isa = PBXBuildFile; fileRef = F8209A201FCFA32000D2F549 /* NSBundle+SLFoundation.m */; };
		F8209A5C1FCFA32000D2F549 /* NSData+SLFoundation.m in Sources */ = {isa = PBXBuildFile; fileRef = F8209A221FCFA32000D2F549 /* NSData+SLFoundation.m */; };
		F8209A5D1FCFA32000D2F549 /* NSFileManager+SLFoundation.m in Sources */ = {isa = PBXBuildFile; fileRef = F8209A241FCFA32000D2F549 /* NSFileManager+SLFoundation.m */; };
		F8209A5E1FCFA32000D2F549 /* NSString+SLFoundation.m in Sources */ = {isa = PBXBuildFile; fileRef = F8209A261FCFA32000D2F549 /* NSString+SLFoundation.m */; };
		F8209A5F1FCFA32000D2F549 /* NSTimer+SLBlock.m in Sources */ = {isa = PBXBuildFile; fileRef = F8209A281FCFA32000D2F549 /* NSTimer+SLBlock.m */; };
		F8209A601FCFA32000D2F549 /* UIActionSheet+SLBlock.m in Sources */ = {isa = PBXBuildFile; fileRef = F8209A2D1FCFA32000D2F549 /* UIActionSheet+SLBlock.m */; };
		F8209A611FCFA32000D2F549 /* UIAlertView+SLBlock.m in Sources */ = {isa = PBXBuildFile; fileRef = F8209A2F1FCFA32000D2F549 /* UIAlertView+SLBlock.m */; };
		F8209A621FCFA32000D2F549 /* UIApplication+SLKit.m in Sources */ = {isa = PBXBuildFile; fileRef = F8209A311FCFA32000D2F549 /* UIApplication+SLKit.m */; };
		F8209A631FCFA32000D2F549 /* UIButton+SLBlock.m in Sources */ = {isa = PBXBuildFile; fileRef = F8209A331FCFA32000D2F549 /* UIButton+SLBlock.m */; };
		F8209A641FCFA32000D2F549 /* UICollectionViewCell+SLHighlighted.m in Sources */ = {isa = PBXBuildFile; fileRef = F8209A351FCFA32000D2F549 /* UICollectionViewCell+SLHighlighted.m */; };
		F8209A651FCFA32000D2F549 /* UIColor+SLHex.m in Sources */ = {isa = PBXBuildFile; fileRef = F8209A371FCFA32000D2F549 /* UIColor+SLHex.m */; };
		F8209A661FCFA32000D2F549 /* UIDevice+SLKit.m in Sources */ = {isa = PBXBuildFile; fileRef = F8209A391FCFA32000D2F549 /* UIDevice+SLKit.m */; };
		F8209A671FCFA32000D2F549 /* UIImage+SLLuban.m in Sources */ = {isa = PBXBuildFile; fileRef = F8209A3B1FCFA32000D2F549 /* UIImage+SLLuban.m */; };
		F8209A681FCFA32000D2F549 /* UIImagePickerController+SLBlock.m in Sources */ = {isa = PBXBuildFile; fileRef = F8209A3D1FCFA32000D2F549 /* UIImagePickerController+SLBlock.m */; };
		F8209A691FCFA32000D2F549 /* UILabel+SLPlaceholder.m in Sources */ = {isa = PBXBuildFile; fileRef = F8209A3F1FCFA32000D2F549 /* UILabel+SLPlaceholder.m */; };
		F8209A6A1FCFA32000D2F549 /* UINavigationBar+SLKit.m in Sources */ = {isa = PBXBuildFile; fileRef = F8209A411FCFA32000D2F549 /* UINavigationBar+SLKit.m */; };
		F8209A6B1FCFA32000D2F549 /* UINavigationController+SLPopGesture.m in Sources */ = {isa = PBXBuildFile; fileRef = F8209A431FCFA32000D2F549 /* UINavigationController+SLPopGesture.m */; };
		F8209A6C1FCFA32000D2F549 /* UINavigationController+SLRemoveVC.m in Sources */ = {isa = PBXBuildFile; fileRef = F8209A451FCFA32000D2F549 /* UINavigationController+SLRemoveVC.m */; };
		F8209A6D1FCFA32000D2F549 /* UINavigationController+SLTransition.m in Sources */ = {isa = PBXBuildFile; fileRef = F8209A471FCFA32000D2F549 /* UINavigationController+SLTransition.m */; };
		F8209A6E1FCFA32000D2F549 /* UINavigationItem+SLNilTitleBackItem.m in Sources */ = {isa = PBXBuildFile; fileRef = F8209A491FCFA32000D2F549 /* UINavigationItem+SLNilTitleBackItem.m */; };
		F8209A6F1FCFA32000D2F549 /* UIScreen+SLKit.m in Sources */ = {isa = PBXBuildFile; fileRef = F8209A4B1FCFA32000D2F549 /* UIScreen+SLKit.m */; };
		F8209A701FCFA32000D2F549 /* UITextField+SLBlock.m in Sources */ = {isa = PBXBuildFile; fileRef = F8209A4D1FCFA32000D2F549 /* UITextField+SLBlock.m */; };
		F8209A711FCFA32000D2F549 /* UITextView+SLPlaceholder.m in Sources */ = {isa = PBXBuildFile; fileRef = F8209A4F1FCFA32000D2F549 /* UITextView+SLPlaceholder.m */; };
		F8209A721FCFA32000D2F549 /* UIView+SLGesture.m in Sources */ = {isa = PBXBuildFile; fileRef = F8209A511FCFA32000D2F549 /* UIView+SLGesture.m */; };
		F8209A731FCFA32000D2F549 /* UIView+SLLayer.m in Sources */ = {isa = PBXBuildFile; fileRef = F8209A531FCFA32000D2F549 /* UIView+SLLayer.m */; };
		F8209A741FCFA32000D2F549 /* UIView+SLRect.m in Sources */ = {isa = PBXBuildFile; fileRef = F8209A551FCFA32000D2F549 /* UIView+SLRect.m */; };
		F8209A751FCFA32000D2F549 /* UIViewController+SLKit.m in Sources */ = {isa = PBXBuildFile; fileRef = F8209A571FCFA32000D2F549 /* UIViewController+SLKit.m */; };
		F8209A761FCFA32000D2F549 /* UIViewController+SLNavigationItem.m in Sources */ = {isa = PBXBuildFile; fileRef = F8209A591FCFA32000D2F549 /* UIViewController+SLNavigationItem.m */; };
		F8682D371F4599A60065DA3E /* HomeVC.m in Sources */ = {isa = PBXBuildFile; fileRef = F8682D361F4599A60065DA3E /* HomeVC.m */; };
		F86C8D3C1FCFF43C0064508E /* UIWebView+SLGobackGesture.m in Sources */ = {isa = PBXBuildFile; fileRef = F86C8D3B1FCFF43C0064508E /* UIWebView+SLGobackGesture.m */; };
		F86C8D471FD136B20064508E /* NSURL+SLWeb.m in Sources */ = {isa = PBXBuildFile; fileRef = F86C8D411FD136B20064508E /* NSURL+SLWeb.m */; };
		F86C8D591FD152910064508E /* SLWidget.m in Sources */ = {isa = PBXBuildFile; fileRef = F86C8D581FD152910064508E /* SLWidget.m */; };
		F87662791F78E2180090A17B /* SLMediator.m in Sources */ = {isa = PBXBuildFile; fileRef = F87662781F78E2180090A17B /* SLMediator.m */; };
		F87662881F79EC850090A17B /* SLAccount.m in Sources */ = {isa = PBXBuildFile; fileRef = F87662871F79EC850090A17B /* SLAccount.m */; };
		F876628B1F79ECC30090A17B /* SLLoginVC.m in Sources */ = {isa = PBXBuildFile; fileRef = F876628A1F79ECC30090A17B /* SLLoginVC.m */; };
		F8ABF5B91F988996002DE5F3 /* YHManager.m in Sources */ = {isa = PBXBuildFile; fileRef = F8ABF5B11F988996002DE5F3 /* YHManager.m */; };
		F8ABF5BA1F988996002DE5F3 /* YHNetworkConfig.m in Sources */ = {isa = PBXBuildFile; fileRef = F8ABF5B31F988996002DE5F3 /* YHNetworkConfig.m */; };
		F8ABF5BB1F988996002DE5F3 /* YHRequest.m in Sources */ = {isa = PBXBuildFile; fileRef = F8ABF5B61F988996002DE5F3 /* YHRequest.m */; };
		F8ABF5BC1F988996002DE5F3 /* YHResponse.m in Sources */ = {isa = PBXBuildFile; fileRef = F8ABF5B81F988996002DE5F3 /* YHResponse.m */; };
		F8CB540D1F0C7CA60032DE46 /* main.m in Sources */ = {isa = PBXBuildFile; fileRef = F8CB540C1F0C7CA60032DE46 /* main.m */; };
		F8CB54101F0C7CA60032DE46 /* AppDelegate.m in Sources */ = {isa = PBXBuildFile; fileRef = F8CB540F1F0C7CA60032DE46 /* AppDelegate.m */; };
		F8CB54131F0C7CA60032DE46 /* ViewController.m in Sources */ = {isa = PBXBuildFile; fileRef = F8CB54121F0C7CA60032DE46 /* ViewController.m */; };
		F8CB54161F0C7CA60032DE46 /* Main.storyboard in Resources */ = {isa = PBXBuildFile; fileRef = F8CB54141F0C7CA60032DE46 /* Main.storyboard */; };
		F8CB54181F0C7CA60032DE46 /* Assets.xcassets in Resources */ = {isa = PBXBuildFile; fileRef = F8CB54171F0C7CA60032DE46 /* Assets.xcassets */; };
		F8CB541B1F0C7CA60032DE46 /* LaunchScreen.storyboard in Resources */ = {isa = PBXBuildFile; fileRef = F8CB54191F0C7CA60032DE46 /* LaunchScreen.storyboard */; };
/* End PBXBuildFile section */

/* Begin PBXFileReference section */
		44125AF57A8CFEB57B353E8E /* Pods_Example.framework */ = {isa = PBXFileReference; explicitFileType = wrapper.framework; includeInIndex = 0; path = Pods_Example.framework; sourceTree = BUILT_PRODUCTS_DIR; };
		646B9356CD92FBAA7B38C540 /* Pods-Example.debug.xcconfig */ = {isa = PBXFileReference; includeInIndex = 1; lastKnownFileType = text.xcconfig; name = "Pods-Example.debug.xcconfig"; path = "Pods/Target Support Files/Pods-Example/Pods-Example.debug.xcconfig"; sourceTree = "<group>"; };
		F80B84351FD183B200293B0D /* NSHTTPURLResponse+Rexxar.h */ = {isa = PBXFileReference; fileEncoding = 4; lastKnownFileType = sourcecode.c.h; path = "NSHTTPURLResponse+Rexxar.h"; sourceTree = "<group>"; };
		F80B84361FD183B200293B0D /* NSHTTPURLResponse+Rexxar.m */ = {isa = PBXFileReference; fileEncoding = 4; lastKnownFileType = sourcecode.c.objc; path = "NSHTTPURLResponse+Rexxar.m"; sourceTree = "<group>"; };
		F80B84391FD183B200293B0D /* SLURLProtocol.h */ = {isa = PBXFileReference; fileEncoding = 4; lastKnownFileType = sourcecode.c.h; path = SLURLProtocol.h; sourceTree = "<group>"; };
		F80B843A1FD183B200293B0D /* SLURLProtocol.m */ = {isa = PBXFileReference; fileEncoding = 4; lastKnownFileType = sourcecode.c.objc; path = SLURLProtocol.m; sourceTree = "<group>"; };
		F80B843B1FD183B200293B0D /* SLURLRequestSerialization.h */ = {isa = PBXFileReference; fileEncoding = 4; lastKnownFileType = sourcecode.c.h; path = SLURLRequestSerialization.h; sourceTree = "<group>"; };
		F80B843C1FD183B200293B0D /* SLURLRequestSerialization.m */ = {isa = PBXFileReference; fileEncoding = 4; lastKnownFileType = sourcecode.c.objc; path = SLURLRequestSerialization.m; sourceTree = "<group>"; };
		F80B843D1FD183B200293B0D /* SLURLSessionDemux.h */ = {isa = PBXFileReference; fileEncoding = 4; lastKnownFileType = sourcecode.c.h; path = SLURLSessionDemux.h; sourceTree = "<group>"; };
		F80B843E1FD183B200293B0D /* SLURLSessionDemux.m */ = {isa = PBXFileReference; fileEncoding = 4; lastKnownFileType = sourcecode.c.objc; path = SLURLSessionDemux.m; sourceTree = "<group>"; };
		F80B84451FD1842800293B0D /* SLDecorator.h */ = {isa = PBXFileReference; fileEncoding = 4; lastKnownFileType = sourcecode.c.h; path = SLDecorator.h; sourceTree = "<group>"; };
		F80B84461FD1842800293B0D /* SLRequestDecorator.h */ = {isa = PBXFileReference; fileEncoding = 4; lastKnownFileType = sourcecode.c.h; path = SLRequestDecorator.h; sourceTree = "<group>"; };
		F80B84471FD1842800293B0D /* SLRequestDecorator.m */ = {isa = PBXFileReference; fileEncoding = 4; lastKnownFileType = sourcecode.c.objc; path = SLRequestDecorator.m; sourceTree = "<group>"; };
		F80B84481FD1842800293B0D /* SLRequestInterceptor.h */ = {isa = PBXFileReference; fileEncoding = 4; lastKnownFileType = sourcecode.c.h; path = SLRequestInterceptor.h; sourceTree = "<group>"; };
		F80B84491FD1842800293B0D /* SLRequestInterceptor.m */ = {isa = PBXFileReference; fileEncoding = 4; lastKnownFileType = sourcecode.c.objc; path = SLRequestInterceptor.m; sourceTree = "<group>"; };
		F80B844B1FD1842800293B0D /* SLContainerAPI.h */ = {isa = PBXFileReference; fileEncoding = 4; lastKnownFileType = sourcecode.c.h; path = SLContainerAPI.h; sourceTree = "<group>"; };
		F80B844C1FD1842800293B0D /* SLContainerInterceptor.h */ = {isa = PBXFileReference; fileEncoding = 4; lastKnownFileType = sourcecode.c.h; path = SLContainerInterceptor.h; sourceTree = "<group>"; };
		F80B844D1FD1842800293B0D /* SLContainerInterceptor.m */ = {isa = PBXFileReference; fileEncoding = 4; lastKnownFileType = sourcecode.c.objc; path = SLContainerInterceptor.m; sourceTree = "<group>"; };
		F80B84511FD4E07700293B0D /* SLContainerAPI.m */ = {isa = PBXFileReference; lastKnownFileType = sourcecode.c.objc; path = SLContainerAPI.m; sourceTree = "<group>"; };
		F80B84531FD4E15F00293B0D /* SLDecorator.m */ = {isa = PBXFileReference; lastKnownFileType = sourcecode.c.objc; path = SLDecorator.m; sourceTree = "<group>"; };
		F80B84581FD4F86700293B0D /* SLAlertWidget.h */ = {isa = PBXFileReference; lastKnownFileType = sourcecode.c.h; path = SLAlertWidget.h; sourceTree = "<group>"; };
		F80B84591FD4F86700293B0D /* SLAlertWidget.m */ = {isa = PBXFileReference; lastKnownFileType = sourcecode.c.objc; path = SLAlertWidget.m; sourceTree = "<group>"; };
		F80B845B1FD5354E00293B0D /* UIColor+SLWebHexColor.h */ = {isa = PBXFileReference; lastKnownFileType = sourcecode.c.h; path = "UIColor+SLWebHexColor.h"; sourceTree = "<group>"; };
		F80B845C1FD5354E00293B0D /* UIColor+SLWebHexColor.m */ = {isa = PBXFileReference; lastKnownFileType = sourcecode.c.objc; path = "UIColor+SLWebHexColor.m"; sourceTree = "<group>"; };
		F80B845E1FD5358800293B0D /* SLNavigationBarWidget.h */ = {isa = PBXFileReference; lastKnownFileType = sourcecode.c.h; path = SLNavigationBarWidget.h; sourceTree = "<group>"; };
		F80B845F1FD5358800293B0D /* SLNavigationBarWidget.m */ = {isa = PBXFileReference; lastKnownFileType = sourcecode.c.objc; path = SLNavigationBarWidget.m; sourceTree = "<group>"; };
		F80B84611FD5436200293B0D /* SLLogContainerAPI.h */ = {isa = PBXFileReference; lastKnownFileType = sourcecode.c.h; path = SLLogContainerAPI.h; sourceTree = "<group>"; };
		F80B84621FD5436200293B0D /* SLLogContainerAPI.m */ = {isa = PBXFileReference; lastKnownFileType = sourcecode.c.objc; path = SLLogContainerAPI.m; sourceTree = "<group>"; };
		F80B84641FD544F100293B0D /* NSData+SLWeb.h */ = {isa = PBXFileReference; lastKnownFileType = sourcecode.c.h; path = "NSData+SLWeb.h"; sourceTree = "<group>"; };
		F80B84651FD544F100293B0D /* NSData+SLWeb.m */ = {isa = PBXFileReference; lastKnownFileType = sourcecode.c.objc; path = "NSData+SLWeb.m"; sourceTree = "<group>"; };
		F80B84671FD5485000293B0D /* SLOpenWebVCContainerAPI.h */ = {isa = PBXFileReference; lastKnownFileType = sourcecode.c.h; path = SLOpenWebVCContainerAPI.h; sourceTree = "<group>"; };
		F80B84681FD5485000293B0D /* SLOpenWebVCContainerAPI.m */ = {isa = PBXFileReference; lastKnownFileType = sourcecode.c.objc; path = SLOpenWebVCContainerAPI.m; sourceTree = "<group>"; };
		F82099E41FCE568700D2F549 /* SLWebCache.h */ = {isa = PBXFileReference; fileEncoding = 4; lastKnownFileType = sourcecode.c.h; path = SLWebCache.h; sourceTree = "<group>"; };
		F82099E51FCE568700D2F549 /* SLWebCache.m */ = {isa = PBXFileReference; fileEncoding = 4; lastKnownFileType = sourcecode.c.objc; path = SLWebCache.m; sourceTree = "<group>"; };
		F82099E61FCE568700D2F549 /* SLWebCacheCategory.h */ = {isa = PBXFileReference; fileEncoding = 4; lastKnownFileType = sourcecode.c.h; path = SLWebCacheCategory.h; sourceTree = "<group>"; };
		F82099E71FCE568700D2F549 /* SLWebCacheCategory.m */ = {isa = PBXFileReference; fileEncoding = 4; lastKnownFileType = sourcecode.c.objc; path = SLWebCacheCategory.m; sourceTree = "<group>"; };
		F82099EC1FCE568700D2F549 /* SLWebRoute.h */ = {isa = PBXFileReference; fileEncoding = 4; lastKnownFileType = sourcecode.c.h; path = SLWebRoute.h; sourceTree = "<group>"; };
		F82099ED1FCE568700D2F549 /* SLWebRoute.m */ = {isa = PBXFileReference; fileEncoding = 4; lastKnownFileType = sourcecode.c.objc; path = SLWebRoute.m; sourceTree = "<group>"; };
		F82099EF1FCE568700D2F549 /* SLWebViewController.h */ = {isa = PBXFileReference; fileEncoding = 4; lastKnownFileType = sourcecode.c.h; path = SLWebViewController.h; sourceTree = "<group>"; };
		F82099F01FCE568700D2F549 /* SLWebViewController.m */ = {isa = PBXFileReference; fileEncoding = 4; lastKnownFileType = sourcecode.c.objc; path = SLWebViewController.m; sourceTree = "<group>"; };
		F82099F51FCE5FC500D2F549 /* NSString+SLWeb.h */ = {isa = PBXFileReference; lastKnownFileType = sourcecode.c.h; path = "NSString+SLWeb.h"; sourceTree = "<group>"; };
		F82099F61FCE5FC500D2F549 /* NSString+SLWeb.m */ = {isa = PBXFileReference; lastKnownFileType = sourcecode.c.objc; path = "NSString+SLWeb.m"; sourceTree = "<group>"; };
		F82099F81FCEB5AE00D2F549 /* NSDictionary+SLWeb.h */ = {isa = PBXFileReference; lastKnownFileType = sourcecode.c.h; path = "NSDictionary+SLWeb.h"; sourceTree = "<group>"; };
		F82099F91FCEB5AE00D2F549 /* NSDictionary+SLWeb.m */ = {isa = PBXFileReference; lastKnownFileType = sourcecode.c.objc; path = "NSDictionary+SLWeb.m"; sourceTree = "<group>"; };
		F82099FB1FCF942C00D2F549 /* NSBundle+SLWeb.h */ = {isa = PBXFileReference; lastKnownFileType = sourcecode.c.h; path = "NSBundle+SLWeb.h"; sourceTree = "<group>"; };
		F82099FC1FCF942C00D2F549 /* NSBundle+SLWeb.m */ = {isa = PBXFileReference; lastKnownFileType = sourcecode.c.objc; path = "NSBundle+SLWeb.m"; sourceTree = "<group>"; };
		F82099FF1FCF9AD600D2F549 /* SLWeb.bundle */ = {isa = PBXFileReference; lastKnownFileType = "wrapper.plug-in"; path = SLWeb.bundle; sourceTree = "<group>"; };
		F8209A031FCFA30D00D2F549 /* SLManager.h */ = {isa = PBXFileReference; fileEncoding = 4; lastKnownFileType = sourcecode.c.h; path = SLManager.h; sourceTree = "<group>"; };
		F8209A041FCFA30D00D2F549 /* SLManager.m */ = {isa = PBXFileReference; fileEncoding = 4; lastKnownFileType = sourcecode.c.objc; path = SLManager.m; sourceTree = "<group>"; };
		F8209A051FCFA30D00D2F549 /* SLNetwork.h */ = {isa = PBXFileReference; fileEncoding = 4; lastKnownFileType = sourcecode.c.h; path = SLNetwork.h; sourceTree = "<group>"; };
		F8209A061FCFA30D00D2F549 /* SLNetworkConstant.h */ = {isa = PBXFileReference; fileEncoding = 4; lastKnownFileType = sourcecode.c.h; path = SLNetworkConstant.h; sourceTree = "<group>"; };
		F8209A071FCFA30D00D2F549 /* SLNetworkConstant.m */ = {isa = PBXFileReference; fileEncoding = 4; lastKnownFileType = sourcecode.c.objc; path = SLNetworkConstant.m; sourceTree = "<group>"; };
		F8209A081FCFA30D00D2F549 /* SLPlugin.h */ = {isa = PBXFileReference; fileEncoding = 4; lastKnownFileType = sourcecode.c.h; path = SLPlugin.h; sourceTree = "<group>"; };
		F8209A091FCFA30D00D2F549 /* SLRequest.h */ = {isa = PBXFileReference; fileEncoding = 4; lastKnownFileType = sourcecode.c.h; path = SLRequest.h; sourceTree = "<group>"; };
		F8209A0A1FCFA30D00D2F549 /* SLRequest.m */ = {isa = PBXFileReference; fileEncoding = 4; lastKnownFileType = sourcecode.c.objc; path = SLRequest.m; sourceTree = "<group>"; };
		F8209A0B1FCFA30D00D2F549 /* SLResponse.h */ = {isa = PBXFileReference; fileEncoding = 4; lastKnownFileType = sourcecode.c.h; path = SLResponse.h; sourceTree = "<group>"; };
		F8209A0C1FCFA30D00D2F549 /* SLResponse.m */ = {isa = PBXFileReference; fileEncoding = 4; lastKnownFileType = sourcecode.c.objc; path = SLResponse.m; sourceTree = "<group>"; };
		F8209A0D1FCFA30D00D2F549 /* SLTarget.h */ = {isa = PBXFileReference; fileEncoding = 4; lastKnownFileType = sourcecode.c.h; path = SLTarget.h; sourceTree = "<group>"; };
		F8209A0E1FCFA30D00D2F549 /* SLTarget.m */ = {isa = PBXFileReference; fileEncoding = 4; lastKnownFileType = sourcecode.c.objc; path = SLTarget.m; sourceTree = "<group>"; };
		F8209A101FCFA30D00D2F549 /* SLRequestLogPlugin.h */ = {isa = PBXFileReference; fileEncoding = 4; lastKnownFileType = sourcecode.c.h; path = SLRequestLogPlugin.h; sourceTree = "<group>"; };
		F8209A111FCFA30D00D2F549 /* SLRequestLogPlugin.m */ = {isa = PBXFileReference; fileEncoding = 4; lastKnownFileType = sourcecode.c.objc; path = SLRequestLogPlugin.m; sourceTree = "<group>"; };
		F8209A121FCFA30D00D2F549 /* SLRequestToDictionaryPlugin.h */ = {isa = PBXFileReference; fileEncoding = 4; lastKnownFileType = sourcecode.c.h; path = SLRequestToDictionaryPlugin.h; sourceTree = "<group>"; };
		F8209A131FCFA30D00D2F549 /* SLRequestToDictionaryPlugin.m */ = {isa = PBXFileReference; fileEncoding = 4; lastKnownFileType = sourcecode.c.objc; path = SLRequestToDictionaryPlugin.m; sourceTree = "<group>"; };
		F8209A1D1FCFA32000D2F549 /* NSArray+SLFoundation.h */ = {isa = PBXFileReference; fileEncoding = 4; lastKnownFileType = sourcecode.c.h; path = "NSArray+SLFoundation.h"; sourceTree = "<group>"; };
		F8209A1E1FCFA32000D2F549 /* NSArray+SLFoundation.m */ = {isa = PBXFileReference; fileEncoding = 4; lastKnownFileType = sourcecode.c.objc; path = "NSArray+SLFoundation.m"; sourceTree = "<group>"; };
		F8209A1F1FCFA32000D2F549 /* NSBundle+SLFoundation.h */ = {isa = PBXFileReference; fileEncoding = 4; lastKnownFileType = sourcecode.c.h; path = "NSBundle+SLFoundation.h"; sourceTree = "<group>"; };
		F8209A201FCFA32000D2F549 /* NSBundle+SLFoundation.m */ = {isa = PBXFileReference; fileEncoding = 4; lastKnownFileType = sourcecode.c.objc; path = "NSBundle+SLFoundation.m"; sourceTree = "<group>"; };
		F8209A211FCFA32000D2F549 /* NSData+SLFoundation.h */ = {isa = PBXFileReference; fileEncoding = 4; lastKnownFileType = sourcecode.c.h; path = "NSData+SLFoundation.h"; sourceTree = "<group>"; };
		F8209A221FCFA32000D2F549 /* NSData+SLFoundation.m */ = {isa = PBXFileReference; fileEncoding = 4; lastKnownFileType = sourcecode.c.objc; path = "NSData+SLFoundation.m"; sourceTree = "<group>"; };
		F8209A231FCFA32000D2F549 /* NSFileManager+SLFoundation.h */ = {isa = PBXFileReference; fileEncoding = 4; lastKnownFileType = sourcecode.c.h; path = "NSFileManager+SLFoundation.h"; sourceTree = "<group>"; };
		F8209A241FCFA32000D2F549 /* NSFileManager+SLFoundation.m */ = {isa = PBXFileReference; fileEncoding = 4; lastKnownFileType = sourcecode.c.objc; path = "NSFileManager+SLFoundation.m"; sourceTree = "<group>"; };
		F8209A251FCFA32000D2F549 /* NSString+SLFoundation.h */ = {isa = PBXFileReference; fileEncoding = 4; lastKnownFileType = sourcecode.c.h; path = "NSString+SLFoundation.h"; sourceTree = "<group>"; };
		F8209A261FCFA32000D2F549 /* NSString+SLFoundation.m */ = {isa = PBXFileReference; fileEncoding = 4; lastKnownFileType = sourcecode.c.objc; path = "NSString+SLFoundation.m"; sourceTree = "<group>"; };
		F8209A271FCFA32000D2F549 /* NSTimer+SLBlock.h */ = {isa = PBXFileReference; fileEncoding = 4; lastKnownFileType = sourcecode.c.h; path = "NSTimer+SLBlock.h"; sourceTree = "<group>"; };
		F8209A281FCFA32000D2F549 /* NSTimer+SLBlock.m */ = {isa = PBXFileReference; fileEncoding = 4; lastKnownFileType = sourcecode.c.objc; path = "NSTimer+SLBlock.m"; sourceTree = "<group>"; };
		F8209A291FCFA32000D2F549 /* SLFoundation.h */ = {isa = PBXFileReference; fileEncoding = 4; lastKnownFileType = sourcecode.c.h; path = SLFoundation.h; sourceTree = "<group>"; };
		F8209A2B1FCFA32000D2F549 /* SLKit.h */ = {isa = PBXFileReference; fileEncoding = 4; lastKnownFileType = sourcecode.c.h; path = SLKit.h; sourceTree = "<group>"; };
		F8209A2C1FCFA32000D2F549 /* UIActionSheet+SLBlock.h */ = {isa = PBXFileReference; fileEncoding = 4; lastKnownFileType = sourcecode.c.h; path = "UIActionSheet+SLBlock.h"; sourceTree = "<group>"; };
		F8209A2D1FCFA32000D2F549 /* UIActionSheet+SLBlock.m */ = {isa = PBXFileReference; fileEncoding = 4; lastKnownFileType = sourcecode.c.objc; path = "UIActionSheet+SLBlock.m"; sourceTree = "<group>"; };
		F8209A2E1FCFA32000D2F549 /* UIAlertView+SLBlock.h */ = {isa = PBXFileReference; fileEncoding = 4; lastKnownFileType = sourcecode.c.h; path = "UIAlertView+SLBlock.h"; sourceTree = "<group>"; };
		F8209A2F1FCFA32000D2F549 /* UIAlertView+SLBlock.m */ = {isa = PBXFileReference; fileEncoding = 4; lastKnownFileType = sourcecode.c.objc; path = "UIAlertView+SLBlock.m"; sourceTree = "<group>"; };
		F8209A301FCFA32000D2F549 /* UIApplication+SLKit.h */ = {isa = PBXFileReference; fileEncoding = 4; lastKnownFileType = sourcecode.c.h; path = "UIApplication+SLKit.h"; sourceTree = "<group>"; };
		F8209A311FCFA32000D2F549 /* UIApplication+SLKit.m */ = {isa = PBXFileReference; fileEncoding = 4; lastKnownFileType = sourcecode.c.objc; path = "UIApplication+SLKit.m"; sourceTree = "<group>"; };
		F8209A321FCFA32000D2F549 /* UIButton+SLBlock.h */ = {isa = PBXFileReference; fileEncoding = 4; lastKnownFileType = sourcecode.c.h; path = "UIButton+SLBlock.h"; sourceTree = "<group>"; };
		F8209A331FCFA32000D2F549 /* UIButton+SLBlock.m */ = {isa = PBXFileReference; fileEncoding = 4; lastKnownFileType = sourcecode.c.objc; path = "UIButton+SLBlock.m"; sourceTree = "<group>"; };
		F8209A341FCFA32000D2F549 /* UICollectionViewCell+SLHighlighted.h */ = {isa = PBXFileReference; fileEncoding = 4; lastKnownFileType = sourcecode.c.h; path = "UICollectionViewCell+SLHighlighted.h"; sourceTree = "<group>"; };
		F8209A351FCFA32000D2F549 /* UICollectionViewCell+SLHighlighted.m */ = {isa = PBXFileReference; fileEncoding = 4; lastKnownFileType = sourcecode.c.objc; path = "UICollectionViewCell+SLHighlighted.m"; sourceTree = "<group>"; };
		F8209A361FCFA32000D2F549 /* UIColor+SLHex.h */ = {isa = PBXFileReference; fileEncoding = 4; lastKnownFileType = sourcecode.c.h; path = "UIColor+SLHex.h"; sourceTree = "<group>"; };
		F8209A371FCFA32000D2F549 /* UIColor+SLHex.m */ = {isa = PBXFileReference; fileEncoding = 4; lastKnownFileType = sourcecode.c.objc; path = "UIColor+SLHex.m"; sourceTree = "<group>"; };
		F8209A381FCFA32000D2F549 /* UIDevice+SLKit.h */ = {isa = PBXFileReference; fileEncoding = 4; lastKnownFileType = sourcecode.c.h; path = "UIDevice+SLKit.h"; sourceTree = "<group>"; };
		F8209A391FCFA32000D2F549 /* UIDevice+SLKit.m */ = {isa = PBXFileReference; fileEncoding = 4; lastKnownFileType = sourcecode.c.objc; path = "UIDevice+SLKit.m"; sourceTree = "<group>"; };
		F8209A3A1FCFA32000D2F549 /* UIImage+SLLuban.h */ = {isa = PBXFileReference; fileEncoding = 4; lastKnownFileType = sourcecode.c.h; path = "UIImage+SLLuban.h"; sourceTree = "<group>"; };
		F8209A3B1FCFA32000D2F549 /* UIImage+SLLuban.m */ = {isa = PBXFileReference; fileEncoding = 4; lastKnownFileType = sourcecode.c.objc; path = "UIImage+SLLuban.m"; sourceTree = "<group>"; };
		F8209A3C1FCFA32000D2F549 /* UIImagePickerController+SLBlock.h */ = {isa = PBXFileReference; fileEncoding = 4; lastKnownFileType = sourcecode.c.h; path = "UIImagePickerController+SLBlock.h"; sourceTree = "<group>"; };
		F8209A3D1FCFA32000D2F549 /* UIImagePickerController+SLBlock.m */ = {isa = PBXFileReference; fileEncoding = 4; lastKnownFileType = sourcecode.c.objc; path = "UIImagePickerController+SLBlock.m"; sourceTree = "<group>"; };
		F8209A3E1FCFA32000D2F549 /* UILabel+SLPlaceholder.h */ = {isa = PBXFileReference; fileEncoding = 4; lastKnownFileType = sourcecode.c.h; path = "UILabel+SLPlaceholder.h"; sourceTree = "<group>"; };
		F8209A3F1FCFA32000D2F549 /* UILabel+SLPlaceholder.m */ = {isa = PBXFileReference; fileEncoding = 4; lastKnownFileType = sourcecode.c.objc; path = "UILabel+SLPlaceholder.m"; sourceTree = "<group>"; };
		F8209A401FCFA32000D2F549 /* UINavigationBar+SLKit.h */ = {isa = PBXFileReference; fileEncoding = 4; lastKnownFileType = sourcecode.c.h; path = "UINavigationBar+SLKit.h"; sourceTree = "<group>"; };
		F8209A411FCFA32000D2F549 /* UINavigationBar+SLKit.m */ = {isa = PBXFileReference; fileEncoding = 4; lastKnownFileType = sourcecode.c.objc; path = "UINavigationBar+SLKit.m"; sourceTree = "<group>"; };
		F8209A421FCFA32000D2F549 /* UINavigationController+SLPopGesture.h */ = {isa = PBXFileReference; fileEncoding = 4; lastKnownFileType = sourcecode.c.h; path = "UINavigationController+SLPopGesture.h"; sourceTree = "<group>"; };
		F8209A431FCFA32000D2F549 /* UINavigationController+SLPopGesture.m */ = {isa = PBXFileReference; fileEncoding = 4; lastKnownFileType = sourcecode.c.objc; path = "UINavigationController+SLPopGesture.m"; sourceTree = "<group>"; };
		F8209A441FCFA32000D2F549 /* UINavigationController+SLRemoveVC.h */ = {isa = PBXFileReference; fileEncoding = 4; lastKnownFileType = sourcecode.c.h; path = "UINavigationController+SLRemoveVC.h"; sourceTree = "<group>"; };
		F8209A451FCFA32000D2F549 /* UINavigationController+SLRemoveVC.m */ = {isa = PBXFileReference; fileEncoding = 4; lastKnownFileType = sourcecode.c.objc; path = "UINavigationController+SLRemoveVC.m"; sourceTree = "<group>"; };
		F8209A461FCFA32000D2F549 /* UINavigationController+SLTransition.h */ = {isa = PBXFileReference; fileEncoding = 4; lastKnownFileType = sourcecode.c.h; path = "UINavigationController+SLTransition.h"; sourceTree = "<group>"; };
		F8209A471FCFA32000D2F549 /* UINavigationController+SLTransition.m */ = {isa = PBXFileReference; fileEncoding = 4; lastKnownFileType = sourcecode.c.objc; path = "UINavigationController+SLTransition.m"; sourceTree = "<group>"; };
		F8209A481FCFA32000D2F549 /* UINavigationItem+SLNilTitleBackItem.h */ = {isa = PBXFileReference; fileEncoding = 4; lastKnownFileType = sourcecode.c.h; path = "UINavigationItem+SLNilTitleBackItem.h"; sourceTree = "<group>"; };
		F8209A491FCFA32000D2F549 /* UINavigationItem+SLNilTitleBackItem.m */ = {isa = PBXFileReference; fileEncoding = 4; lastKnownFileType = sourcecode.c.objc; path = "UINavigationItem+SLNilTitleBackItem.m"; sourceTree = "<group>"; };
		F8209A4A1FCFA32000D2F549 /* UIScreen+SLKit.h */ = {isa = PBXFileReference; fileEncoding = 4; lastKnownFileType = sourcecode.c.h; path = "UIScreen+SLKit.h"; sourceTree = "<group>"; };
		F8209A4B1FCFA32000D2F549 /* UIScreen+SLKit.m */ = {isa = PBXFileReference; fileEncoding = 4; lastKnownFileType = sourcecode.c.objc; path = "UIScreen+SLKit.m"; sourceTree = "<group>"; };
		F8209A4C1FCFA32000D2F549 /* UITextField+SLBlock.h */ = {isa = PBXFileReference; fileEncoding = 4; lastKnownFileType = sourcecode.c.h; path = "UITextField+SLBlock.h"; sourceTree = "<group>"; };
		F8209A4D1FCFA32000D2F549 /* UITextField+SLBlock.m */ = {isa = PBXFileReference; fileEncoding = 4; lastKnownFileType = sourcecode.c.objc; path = "UITextField+SLBlock.m"; sourceTree = "<group>"; };
		F8209A4E1FCFA32000D2F549 /* UITextView+SLPlaceholder.h */ = {isa = PBXFileReference; fileEncoding = 4; lastKnownFileType = sourcecode.c.h; path = "UITextView+SLPlaceholder.h"; sourceTree = "<group>"; };
		F8209A4F1FCFA32000D2F549 /* UITextView+SLPlaceholder.m */ = {isa = PBXFileReference; fileEncoding = 4; lastKnownFileType = sourcecode.c.objc; path = "UITextView+SLPlaceholder.m"; sourceTree = "<group>"; };
		F8209A501FCFA32000D2F549 /* UIView+SLGesture.h */ = {isa = PBXFileReference; fileEncoding = 4; lastKnownFileType = sourcecode.c.h; path = "UIView+SLGesture.h"; sourceTree = "<group>"; };
		F8209A511FCFA32000D2F549 /* UIView+SLGesture.m */ = {isa = PBXFileReference; fileEncoding = 4; lastKnownFileType = sourcecode.c.objc; path = "UIView+SLGesture.m"; sourceTree = "<group>"; };
		F8209A521FCFA32000D2F549 /* UIView+SLLayer.h */ = {isa = PBXFileReference; fileEncoding = 4; lastKnownFileType = sourcecode.c.h; path = "UIView+SLLayer.h"; sourceTree = "<group>"; };
		F8209A531FCFA32000D2F549 /* UIView+SLLayer.m */ = {isa = PBXFileReference; fileEncoding = 4; lastKnownFileType = sourcecode.c.objc; path = "UIView+SLLayer.m"; sourceTree = "<group>"; };
		F8209A541FCFA32000D2F549 /* UIView+SLRect.h */ = {isa = PBXFileReference; fileEncoding = 4; lastKnownFileType = sourcecode.c.h; path = "UIView+SLRect.h"; sourceTree = "<group>"; };
		F8209A551FCFA32000D2F549 /* UIView+SLRect.m */ = {isa = PBXFileReference; fileEncoding = 4; lastKnownFileType = sourcecode.c.objc; path = "UIView+SLRect.m"; sourceTree = "<group>"; };
		F8209A561FCFA32000D2F549 /* UIViewController+SLKit.h */ = {isa = PBXFileReference; fileEncoding = 4; lastKnownFileType = sourcecode.c.h; path = "UIViewController+SLKit.h"; sourceTree = "<group>"; };
		F8209A571FCFA32000D2F549 /* UIViewController+SLKit.m */ = {isa = PBXFileReference; fileEncoding = 4; lastKnownFileType = sourcecode.c.objc; path = "UIViewController+SLKit.m"; sourceTree = "<group>"; };
		F8209A581FCFA32000D2F549 /* UIViewController+SLNavigationItem.h */ = {isa = PBXFileReference; fileEncoding = 4; lastKnownFileType = sourcecode.c.h; path = "UIViewController+SLNavigationItem.h"; sourceTree = "<group>"; };
		F8209A591FCFA32000D2F549 /* UIViewController+SLNavigationItem.m */ = {isa = PBXFileReference; fileEncoding = 4; lastKnownFileType = sourcecode.c.objc; path = "UIViewController+SLNavigationItem.m"; sourceTree = "<group>"; };
		F8682D351F4599A60065DA3E /* HomeVC.h */ = {isa = PBXFileReference; fileEncoding = 4; lastKnownFileType = sourcecode.c.h; path = HomeVC.h; sourceTree = "<group>"; };
		F8682D361F4599A60065DA3E /* HomeVC.m */ = {isa = PBXFileReference; fileEncoding = 4; lastKnownFileType = sourcecode.c.objc; path = HomeVC.m; sourceTree = "<group>"; };
		F86C8D3A1FCFF43C0064508E /* UIWebView+SLGobackGesture.h */ = {isa = PBXFileReference; lastKnownFileType = sourcecode.c.h; path = "UIWebView+SLGobackGesture.h"; sourceTree = "<group>"; };
		F86C8D3B1FCFF43C0064508E /* UIWebView+SLGobackGesture.m */ = {isa = PBXFileReference; lastKnownFileType = sourcecode.c.objc; path = "UIWebView+SLGobackGesture.m"; sourceTree = "<group>"; };
		F86C8D411FD136B20064508E /* NSURL+SLWeb.m */ = {isa = PBXFileReference; fileEncoding = 4; lastKnownFileType = sourcecode.c.objc; path = "NSURL+SLWeb.m"; sourceTree = "<group>"; };
		F86C8D431FD136B20064508E /* NSURL+SLWeb.h */ = {isa = PBXFileReference; fileEncoding = 4; lastKnownFileType = sourcecode.c.h; path = "NSURL+SLWeb.h"; sourceTree = "<group>"; };
		F86C8D571FD152910064508E /* SLWidget.h */ = {isa = PBXFileReference; lastKnownFileType = sourcecode.c.h; path = SLWidget.h; sourceTree = "<group>"; };
		F86C8D581FD152910064508E /* SLWidget.m */ = {isa = PBXFileReference; lastKnownFileType = sourcecode.c.objc; path = SLWidget.m; sourceTree = "<group>"; };
		F87662771F78E2180090A17B /* SLMediator.h */ = {isa = PBXFileReference; lastKnownFileType = sourcecode.c.h; path = SLMediator.h; sourceTree = "<group>"; };
		F87662781F78E2180090A17B /* SLMediator.m */ = {isa = PBXFileReference; lastKnownFileType = sourcecode.c.objc; path = SLMediator.m; sourceTree = "<group>"; };
		F87662861F79EC850090A17B /* SLAccount.h */ = {isa = PBXFileReference; lastKnownFileType = sourcecode.c.h; path = SLAccount.h; sourceTree = "<group>"; };
		F87662871F79EC850090A17B /* SLAccount.m */ = {isa = PBXFileReference; lastKnownFileType = sourcecode.c.objc; path = SLAccount.m; sourceTree = "<group>"; };
		F87662891F79ECC30090A17B /* SLLoginVC.h */ = {isa = PBXFileReference; lastKnownFileType = sourcecode.c.h; path = SLLoginVC.h; sourceTree = "<group>"; };
		F876628A1F79ECC30090A17B /* SLLoginVC.m */ = {isa = PBXFileReference; lastKnownFileType = sourcecode.c.objc; path = SLLoginVC.m; sourceTree = "<group>"; };
		F8ABF5B01F988996002DE5F3 /* YHManager.h */ = {isa = PBXFileReference; fileEncoding = 4; lastKnownFileType = sourcecode.c.h; path = YHManager.h; sourceTree = "<group>"; };
		F8ABF5B11F988996002DE5F3 /* YHManager.m */ = {isa = PBXFileReference; fileEncoding = 4; lastKnownFileType = sourcecode.c.objc; path = YHManager.m; sourceTree = "<group>"; };
		F8ABF5B21F988996002DE5F3 /* YHNetworkConfig.h */ = {isa = PBXFileReference; fileEncoding = 4; lastKnownFileType = sourcecode.c.h; path = YHNetworkConfig.h; sourceTree = "<group>"; };
		F8ABF5B31F988996002DE5F3 /* YHNetworkConfig.m */ = {isa = PBXFileReference; fileEncoding = 4; lastKnownFileType = sourcecode.c.objc; path = YHNetworkConfig.m; sourceTree = "<group>"; };
		F8ABF5B41F988996002DE5F3 /* YHNetworking.h */ = {isa = PBXFileReference; fileEncoding = 4; lastKnownFileType = sourcecode.c.h; path = YHNetworking.h; sourceTree = "<group>"; };
		F8ABF5B51F988996002DE5F3 /* YHRequest.h */ = {isa = PBXFileReference; fileEncoding = 4; lastKnownFileType = sourcecode.c.h; path = YHRequest.h; sourceTree = "<group>"; };
		F8ABF5B61F988996002DE5F3 /* YHRequest.m */ = {isa = PBXFileReference; fileEncoding = 4; lastKnownFileType = sourcecode.c.objc; path = YHRequest.m; sourceTree = "<group>"; };
		F8ABF5B71F988996002DE5F3 /* YHResponse.h */ = {isa = PBXFileReference; fileEncoding = 4; lastKnownFileType = sourcecode.c.h; path = YHResponse.h; sourceTree = "<group>"; };
		F8ABF5B81F988996002DE5F3 /* YHResponse.m */ = {isa = PBXFileReference; fileEncoding = 4; lastKnownFileType = sourcecode.c.objc; path = YHResponse.m; sourceTree = "<group>"; };
		F8B9F46E1F3D3F1F00BE897D /* SLUtils.h */ = {isa = PBXFileReference; lastKnownFileType = sourcecode.c.h; path = SLUtils.h; sourceTree = "<group>"; };
		F8CB54081F0C7CA60032DE46 /* Example.app */ = {isa = PBXFileReference; explicitFileType = wrapper.application; includeInIndex = 0; path = Example.app; sourceTree = BUILT_PRODUCTS_DIR; };
		F8CB540C1F0C7CA60032DE46 /* main.m */ = {isa = PBXFileReference; lastKnownFileType = sourcecode.c.objc; path = main.m; sourceTree = "<group>"; };
		F8CB540E1F0C7CA60032DE46 /* AppDelegate.h */ = {isa = PBXFileReference; lastKnownFileType = sourcecode.c.h; path = AppDelegate.h; sourceTree = "<group>"; };
		F8CB540F1F0C7CA60032DE46 /* AppDelegate.m */ = {isa = PBXFileReference; lastKnownFileType = sourcecode.c.objc; path = AppDelegate.m; sourceTree = "<group>"; };
		F8CB54111F0C7CA60032DE46 /* ViewController.h */ = {isa = PBXFileReference; lastKnownFileType = sourcecode.c.h; path = ViewController.h; sourceTree = "<group>"; };
		F8CB54121F0C7CA60032DE46 /* ViewController.m */ = {isa = PBXFileReference; lastKnownFileType = sourcecode.c.objc; path = ViewController.m; sourceTree = "<group>"; };
		F8CB54151F0C7CA60032DE46 /* Base */ = {isa = PBXFileReference; lastKnownFileType = file.storyboard; name = Base; path = Base.lproj/Main.storyboard; sourceTree = "<group>"; };
		F8CB54171F0C7CA60032DE46 /* Assets.xcassets */ = {isa = PBXFileReference; lastKnownFileType = folder.assetcatalog; path = Assets.xcassets; sourceTree = "<group>"; };
		F8CB541A1F0C7CA60032DE46 /* Base */ = {isa = PBXFileReference; lastKnownFileType = file.storyboard; name = Base; path = Base.lproj/LaunchScreen.storyboard; sourceTree = "<group>"; };
		F8CB541C1F0C7CA60032DE46 /* Info.plist */ = {isa = PBXFileReference; lastKnownFileType = text.plist.xml; path = Info.plist; sourceTree = "<group>"; };
		F8FCBEEF1F32B804000C5DF5 /* SLDefine.h */ = {isa = PBXFileReference; lastKnownFileType = sourcecode.c.h; path = SLDefine.h; sourceTree = "<group>"; };
		F8FCBEF01F32B837000C5DF5 /* SLLog.h */ = {isa = PBXFileReference; lastKnownFileType = sourcecode.c.h; path = SLLog.h; sourceTree = "<group>"; };
		F8FCBEF11F32B84B000C5DF5 /* SLSingleton.h */ = {isa = PBXFileReference; lastKnownFileType = sourcecode.c.h; path = SLSingleton.h; sourceTree = "<group>"; };
		F8FCBEF21F32B8FB000C5DF5 /* SLRacNew.h */ = {isa = PBXFileReference; lastKnownFileType = sourcecode.c.h; path = SLRacNew.h; sourceTree = "<group>"; };
		FD26416DBAEA85F95F654CBF /* Pods-Example.release.xcconfig */ = {isa = PBXFileReference; includeInIndex = 1; lastKnownFileType = text.xcconfig; name = "Pods-Example.release.xcconfig"; path = "Pods/Target Support Files/Pods-Example/Pods-Example.release.xcconfig"; sourceTree = "<group>"; };
/* End PBXFileReference section */

/* Begin PBXFrameworksBuildPhase section */
		F8CB54051F0C7CA60032DE46 /* Frameworks */ = {
			isa = PBXFrameworksBuildPhase;
			buildActionMask = 2147483647;
			files = (
				AB081C5D3BD84BC44AF0617F /* Pods_Example.framework in Frameworks */,
			);
			runOnlyForDeploymentPostprocessing = 0;
		};
/* End PBXFrameworksBuildPhase section */

/* Begin PBXGroup section */
		19449061B2A07D355623F1D5 /* Pods */ = {
			isa = PBXGroup;
			children = (
				646B9356CD92FBAA7B38C540 /* Pods-Example.debug.xcconfig */,
				FD26416DBAEA85F95F654CBF /* Pods-Example.release.xcconfig */,
			);
			name = Pods;
			sourceTree = "<group>";
		};
		30B3D8124C5DA2FE71B08CDA /* Frameworks */ = {
			isa = PBXGroup;
			children = (
				44125AF57A8CFEB57B353E8E /* Pods_Example.framework */,
			);
			name = Frameworks;
			sourceTree = "<group>";
		};
		F80B84341FD183B200293B0D /* URLProtocol */ = {
			isa = PBXGroup;
			children = (
				F80B84351FD183B200293B0D /* NSHTTPURLResponse+Rexxar.h */,
				F80B84361FD183B200293B0D /* NSHTTPURLResponse+Rexxar.m */,
				F80B84391FD183B200293B0D /* SLURLProtocol.h */,
				F80B843A1FD183B200293B0D /* SLURLProtocol.m */,
				F80B843B1FD183B200293B0D /* SLURLRequestSerialization.h */,
				F80B843C1FD183B200293B0D /* SLURLRequestSerialization.m */,
				F80B843D1FD183B200293B0D /* SLURLSessionDemux.h */,
				F80B843E1FD183B200293B0D /* SLURLSessionDemux.m */,
			);
			path = URLProtocol;
			sourceTree = "<group>";
		};
		F80B84441FD1842800293B0D /* Decorator */ = {
			isa = PBXGroup;
			children = (
				F80B84451FD1842800293B0D /* SLDecorator.h */,
				F80B84531FD4E15F00293B0D /* SLDecorator.m */,
				F80B84461FD1842800293B0D /* SLRequestDecorator.h */,
				F80B84471FD1842800293B0D /* SLRequestDecorator.m */,
				F80B84481FD1842800293B0D /* SLRequestInterceptor.h */,
				F80B84491FD1842800293B0D /* SLRequestInterceptor.m */,
			);
			path = Decorator;
			sourceTree = "<group>";
		};
		F80B844A1FD1842800293B0D /* ContainerAPI */ = {
			isa = PBXGroup;
			children = (
				F80B844B1FD1842800293B0D /* SLContainerAPI.h */,
				F80B84511FD4E07700293B0D /* SLContainerAPI.m */,
				F80B844C1FD1842800293B0D /* SLContainerInterceptor.h */,
				F80B844D1FD1842800293B0D /* SLContainerInterceptor.m */,
				F80B84611FD5436200293B0D /* SLLogContainerAPI.h */,
				F80B84621FD5436200293B0D /* SLLogContainerAPI.m */,
				F80B84671FD5485000293B0D /* SLOpenWebVCContainerAPI.h */,
				F80B84681FD5485000293B0D /* SLOpenWebVCContainerAPI.m */,
			);
			path = ContainerAPI;
			sourceTree = "<group>";
		};
		F82099E21FCE568700D2F549 /* Web */ = {
			isa = PBXGroup;
			children = (
				F80B844A1FD1842800293B0D /* ContainerAPI */,
				F80B84441FD1842800293B0D /* Decorator */,
				F80B84341FD183B200293B0D /* URLProtocol */,
				F86C8D551FD151680064508E /* Widget */,
				F82099FE1FCF9AD600D2F549 /* Resource */,
				F82099E31FCE568700D2F549 /* Cache */,
				F82099E81FCE568700D2F549 /* Category */,
				F82099EB1FCE568700D2F549 /* Route */,
				F82099EE1FCE568700D2F549 /* WebViewController */,
			);
			path = Web;
			sourceTree = "<group>";
		};
		F82099E31FCE568700D2F549 /* Cache */ = {
			isa = PBXGroup;
			children = (
				F82099E41FCE568700D2F549 /* SLWebCache.h */,
				F82099E51FCE568700D2F549 /* SLWebCache.m */,
				F82099E61FCE568700D2F549 /* SLWebCacheCategory.h */,
				F82099E71FCE568700D2F549 /* SLWebCacheCategory.m */,
			);
			path = Cache;
			sourceTree = "<group>";
		};
		F82099E81FCE568700D2F549 /* Category */ = {
			isa = PBXGroup;
			children = (
				F86C8D431FD136B20064508E /* NSURL+SLWeb.h */,
				F86C8D411FD136B20064508E /* NSURL+SLWeb.m */,
				F82099F51FCE5FC500D2F549 /* NSString+SLWeb.h */,
				F82099F61FCE5FC500D2F549 /* NSString+SLWeb.m */,
				F82099F81FCEB5AE00D2F549 /* NSDictionary+SLWeb.h */,
				F82099F91FCEB5AE00D2F549 /* NSDictionary+SLWeb.m */,
				F82099FB1FCF942C00D2F549 /* NSBundle+SLWeb.h */,
				F82099FC1FCF942C00D2F549 /* NSBundle+SLWeb.m */,
				F86C8D3A1FCFF43C0064508E /* UIWebView+SLGobackGesture.h */,
				F86C8D3B1FCFF43C0064508E /* UIWebView+SLGobackGesture.m */,
				F80B845B1FD5354E00293B0D /* UIColor+SLWebHexColor.h */,
				F80B845C1FD5354E00293B0D /* UIColor+SLWebHexColor.m */,
				F80B84641FD544F100293B0D /* NSData+SLWeb.h */,
				F80B84651FD544F100293B0D /* NSData+SLWeb.m */,
			);
			path = Category;
			sourceTree = "<group>";
		};
		F82099EB1FCE568700D2F549 /* Route */ = {
			isa = PBXGroup;
			children = (
				F82099EC1FCE568700D2F549 /* SLWebRoute.h */,
				F82099ED1FCE568700D2F549 /* SLWebRoute.m */,
			);
			path = Route;
			sourceTree = "<group>";
		};
		F82099EE1FCE568700D2F549 /* WebViewController */ = {
			isa = PBXGroup;
			children = (
				F82099EF1FCE568700D2F549 /* SLWebViewController.h */,
				F82099F01FCE568700D2F549 /* SLWebViewController.m */,
			);
			path = WebViewController;
			sourceTree = "<group>";
		};
		F82099FE1FCF9AD600D2F549 /* Resource */ = {
			isa = PBXGroup;
			children = (
				F82099FF1FCF9AD600D2F549 /* SLWeb.bundle */,
			);
			path = Resource;
			sourceTree = "<group>";
		};
		F8209A011FCFA30D00D2F549 /* Network */ = {
			isa = PBXGroup;
			children = (
				F8209A021FCFA30D00D2F549 /* Base */,
				F8209A0F1FCFA30D00D2F549 /* Plugins */,
			);
			path = Network;
			sourceTree = "<group>";
		};
		F8209A021FCFA30D00D2F549 /* Base */ = {
			isa = PBXGroup;
			children = (
				F8209A031FCFA30D00D2F549 /* SLManager.h */,
				F8209A041FCFA30D00D2F549 /* SLManager.m */,
				F8209A051FCFA30D00D2F549 /* SLNetwork.h */,
				F8209A061FCFA30D00D2F549 /* SLNetworkConstant.h */,
				F8209A071FCFA30D00D2F549 /* SLNetworkConstant.m */,
				F8209A081FCFA30D00D2F549 /* SLPlugin.h */,
				F8209A091FCFA30D00D2F549 /* SLRequest.h */,
				F8209A0A1FCFA30D00D2F549 /* SLRequest.m */,
				F8209A0B1FCFA30D00D2F549 /* SLResponse.h */,
				F8209A0C1FCFA30D00D2F549 /* SLResponse.m */,
				F8209A0D1FCFA30D00D2F549 /* SLTarget.h */,
				F8209A0E1FCFA30D00D2F549 /* SLTarget.m */,
			);
			path = Base;
			sourceTree = "<group>";
		};
		F8209A0F1FCFA30D00D2F549 /* Plugins */ = {
			isa = PBXGroup;
			children = (
				F8209A101FCFA30D00D2F549 /* SLRequestLogPlugin.h */,
				F8209A111FCFA30D00D2F549 /* SLRequestLogPlugin.m */,
				F8209A121FCFA30D00D2F549 /* SLRequestToDictionaryPlugin.h */,
				F8209A131FCFA30D00D2F549 /* SLRequestToDictionaryPlugin.m */,
			);
			path = Plugins;
			sourceTree = "<group>";
		};
		F8209A1B1FCFA32000D2F549 /* Category */ = {
			isa = PBXGroup;
			children = (
				F8209A1C1FCFA32000D2F549 /* NSFoundation */,
				F8209A2A1FCFA32000D2F549 /* UIKit */,
			);
			path = Category;
			sourceTree = "<group>";
		};
		F8209A1C1FCFA32000D2F549 /* NSFoundation */ = {
			isa = PBXGroup;
			children = (
				F8209A1D1FCFA32000D2F549 /* NSArray+SLFoundation.h */,
				F8209A1E1FCFA32000D2F549 /* NSArray+SLFoundation.m */,
				F8209A1F1FCFA32000D2F549 /* NSBundle+SLFoundation.h */,
				F8209A201FCFA32000D2F549 /* NSBundle+SLFoundation.m */,
				F8209A211FCFA32000D2F549 /* NSData+SLFoundation.h */,
				F8209A221FCFA32000D2F549 /* NSData+SLFoundation.m */,
				F8209A231FCFA32000D2F549 /* NSFileManager+SLFoundation.h */,
				F8209A241FCFA32000D2F549 /* NSFileManager+SLFoundation.m */,
				F8209A251FCFA32000D2F549 /* NSString+SLFoundation.h */,
				F8209A261FCFA32000D2F549 /* NSString+SLFoundation.m */,
				F8209A271FCFA32000D2F549 /* NSTimer+SLBlock.h */,
				F8209A281FCFA32000D2F549 /* NSTimer+SLBlock.m */,
				F8209A291FCFA32000D2F549 /* SLFoundation.h */,
			);
			path = NSFoundation;
			sourceTree = "<group>";
		};
		F8209A2A1FCFA32000D2F549 /* UIKit */ = {
			isa = PBXGroup;
			children = (
				F8209A2B1FCFA32000D2F549 /* SLKit.h */,
				F8209A2C1FCFA32000D2F549 /* UIActionSheet+SLBlock.h */,
				F8209A2D1FCFA32000D2F549 /* UIActionSheet+SLBlock.m */,
				F8209A2E1FCFA32000D2F549 /* UIAlertView+SLBlock.h */,
				F8209A2F1FCFA32000D2F549 /* UIAlertView+SLBlock.m */,
				F8209A301FCFA32000D2F549 /* UIApplication+SLKit.h */,
				F8209A311FCFA32000D2F549 /* UIApplication+SLKit.m */,
				F8209A321FCFA32000D2F549 /* UIButton+SLBlock.h */,
				F8209A331FCFA32000D2F549 /* UIButton+SLBlock.m */,
				F8209A341FCFA32000D2F549 /* UICollectionViewCell+SLHighlighted.h */,
				F8209A351FCFA32000D2F549 /* UICollectionViewCell+SLHighlighted.m */,
				F8209A361FCFA32000D2F549 /* UIColor+SLHex.h */,
				F8209A371FCFA32000D2F549 /* UIColor+SLHex.m */,
				F8209A381FCFA32000D2F549 /* UIDevice+SLKit.h */,
				F8209A391FCFA32000D2F549 /* UIDevice+SLKit.m */,
				F8209A3A1FCFA32000D2F549 /* UIImage+SLLuban.h */,
				F8209A3B1FCFA32000D2F549 /* UIImage+SLLuban.m */,
				F8209A3C1FCFA32000D2F549 /* UIImagePickerController+SLBlock.h */,
				F8209A3D1FCFA32000D2F549 /* UIImagePickerController+SLBlock.m */,
				F8209A3E1FCFA32000D2F549 /* UILabel+SLPlaceholder.h */,
				F8209A3F1FCFA32000D2F549 /* UILabel+SLPlaceholder.m */,
				F8209A401FCFA32000D2F549 /* UINavigationBar+SLKit.h */,
				F8209A411FCFA32000D2F549 /* UINavigationBar+SLKit.m */,
				F8209A421FCFA32000D2F549 /* UINavigationController+SLPopGesture.h */,
				F8209A431FCFA32000D2F549 /* UINavigationController+SLPopGesture.m */,
				F8209A441FCFA32000D2F549 /* UINavigationController+SLRemoveVC.h */,
				F8209A451FCFA32000D2F549 /* UINavigationController+SLRemoveVC.m */,
				F8209A461FCFA32000D2F549 /* UINavigationController+SLTransition.h */,
				F8209A471FCFA32000D2F549 /* UINavigationController+SLTransition.m */,
				F8209A481FCFA32000D2F549 /* UINavigationItem+SLNilTitleBackItem.h */,
				F8209A491FCFA32000D2F549 /* UINavigationItem+SLNilTitleBackItem.m */,
				F8209A4A1FCFA32000D2F549 /* UIScreen+SLKit.h */,
				F8209A4B1FCFA32000D2F549 /* UIScreen+SLKit.m */,
				F8209A4C1FCFA32000D2F549 /* UITextField+SLBlock.h */,
				F8209A4D1FCFA32000D2F549 /* UITextField+SLBlock.m */,
				F8209A4E1FCFA32000D2F549 /* UITextView+SLPlaceholder.h */,
				F8209A4F1FCFA32000D2F549 /* UITextView+SLPlaceholder.m */,
				F8209A501FCFA32000D2F549 /* UIView+SLGesture.h */,
				F8209A511FCFA32000D2F549 /* UIView+SLGesture.m */,
				F8209A521FCFA32000D2F549 /* UIView+SLLayer.h */,
				F8209A531FCFA32000D2F549 /* UIView+SLLayer.m */,
				F8209A541FCFA32000D2F549 /* UIView+SLRect.h */,
				F8209A551FCFA32000D2F549 /* UIView+SLRect.m */,
				F8209A561FCFA32000D2F549 /* UIViewController+SLKit.h */,
				F8209A571FCFA32000D2F549 /* UIViewController+SLKit.m */,
				F8209A581FCFA32000D2F549 /* UIViewController+SLNavigationItem.h */,
				F8209A591FCFA32000D2F549 /* UIViewController+SLNavigationItem.m */,
			);
			path = UIKit;
			sourceTree = "<group>";
		};
		F86C8D551FD151680064508E /* Widget */ = {
			isa = PBXGroup;
			children = (
				F86C8D571FD152910064508E /* SLWidget.h */,
				F86C8D581FD152910064508E /* SLWidget.m */,
				F80B84581FD4F86700293B0D /* SLAlertWidget.h */,
				F80B84591FD4F86700293B0D /* SLAlertWidget.m */,
				F80B845E1FD5358800293B0D /* SLNavigationBarWidget.h */,
				F80B845F1FD5358800293B0D /* SLNavigationBarWidget.m */,
			);
			path = Widget;
			sourceTree = "<group>";
		};
		F87662761F78E2040090A17B /* Mediator */ = {
			isa = PBXGroup;
			children = (
				F87662771F78E2180090A17B /* SLMediator.h */,
				F87662781F78E2180090A17B /* SLMediator.m */,
			);
			path = Mediator;
			sourceTree = "<group>";
		};
		F876627A1F79E95C0090A17B /* Business1 */ = {
			isa = PBXGroup;
			children = (
				F87662851F79EC7A0090A17B /* SLAccount */,
			);
			name = Business1;
			path = ../Business1;
			sourceTree = "<group>";
		};
		F87662851F79EC7A0090A17B /* SLAccount */ = {
			isa = PBXGroup;
			children = (
				F87662861F79EC850090A17B /* SLAccount.h */,
				F87662871F79EC850090A17B /* SLAccount.m */,
				F87662891F79ECC30090A17B /* SLLoginVC.h */,
				F876628A1F79ECC30090A17B /* SLLoginVC.m */,
			);
			path = SLAccount;
			sourceTree = "<group>";
		};
		F8ABF5AF1F988996002DE5F3 /* YHNetworking */ = {
			isa = PBXGroup;
			children = (
				F8ABF5B01F988996002DE5F3 /* YHManager.h */,
				F8ABF5B11F988996002DE5F3 /* YHManager.m */,
				F8ABF5B21F988996002DE5F3 /* YHNetworkConfig.h */,
				F8ABF5B31F988996002DE5F3 /* YHNetworkConfig.m */,
				F8ABF5B41F988996002DE5F3 /* YHNetworking.h */,
				F8ABF5B51F988996002DE5F3 /* YHRequest.h */,
				F8ABF5B61F988996002DE5F3 /* YHRequest.m */,
				F8ABF5B71F988996002DE5F3 /* YHResponse.h */,
				F8ABF5B81F988996002DE5F3 /* YHResponse.m */,
			);
			path = YHNetworking;
			sourceTree = SOURCE_ROOT;
		};
		F8B9F46D1F3D3F1300BE897D /* Utils */ = {
			isa = PBXGroup;
			children = (
				F8B9F46E1F3D3F1F00BE897D /* SLUtils.h */,
			);
			path = Utils;
			sourceTree = "<group>";
		};
		F8CB53FF1F0C7CA60032DE46 = {
			isa = PBXGroup;
			children = (
				F8FCBEB71F31BE82000C5DF5 /* SolarKit-OC */,
				F876627A1F79E95C0090A17B /* Business1 */,
				F8CB540A1F0C7CA60032DE46 /* Example */,
				F8CB54091F0C7CA60032DE46 /* Products */,
				19449061B2A07D355623F1D5 /* Pods */,
				30B3D8124C5DA2FE71B08CDA /* Frameworks */,
			);
			sourceTree = "<group>";
		};
		F8CB54091F0C7CA60032DE46 /* Products */ = {
			isa = PBXGroup;
			children = (
				F8CB54081F0C7CA60032DE46 /* Example.app */,
			);
			name = Products;
			sourceTree = "<group>";
		};
		F8CB540A1F0C7CA60032DE46 /* Example */ = {
			isa = PBXGroup;
			children = (
				F8ABF5AF1F988996002DE5F3 /* YHNetworking */,
				F8CB540E1F0C7CA60032DE46 /* AppDelegate.h */,
				F8CB540F1F0C7CA60032DE46 /* AppDelegate.m */,
				F8682D351F4599A60065DA3E /* HomeVC.h */,
				F8682D361F4599A60065DA3E /* HomeVC.m */,
				F8CB54111F0C7CA60032DE46 /* ViewController.h */,
				F8CB54121F0C7CA60032DE46 /* ViewController.m */,
				F8CB54141F0C7CA60032DE46 /* Main.storyboard */,
				F8CB54171F0C7CA60032DE46 /* Assets.xcassets */,
				F8CB54191F0C7CA60032DE46 /* LaunchScreen.storyboard */,
				F8CB541C1F0C7CA60032DE46 /* Info.plist */,
				F8CB540B1F0C7CA60032DE46 /* Supporting Files */,
			);
			path = Example;
			sourceTree = "<group>";
		};
		F8CB540B1F0C7CA60032DE46 /* Supporting Files */ = {
			isa = PBXGroup;
			children = (
				F8CB540C1F0C7CA60032DE46 /* main.m */,
			);
			name = "Supporting Files";
			sourceTree = "<group>";
		};
		F8FCBEB71F31BE82000C5DF5 /* SolarKit-OC */ = {
			isa = PBXGroup;
			children = (
				F8209A1B1FCFA32000D2F549 /* Category */,
				F8209A011FCFA30D00D2F549 /* Network */,
				F82099E21FCE568700D2F549 /* Web */,
				F87662761F78E2040090A17B /* Mediator */,
				F8B9F46D1F3D3F1300BE897D /* Utils */,
				F8FCBEEE1F32B7ED000C5DF5 /* Define */,
				F8FCBED71F31BE83000C5DF5 /* DB */,
			);
			name = "SolarKit-OC";
			path = "../SolarKit-OC";
			sourceTree = "<group>";
		};
		F8FCBED71F31BE83000C5DF5 /* DB */ = {
			isa = PBXGroup;
			children = (
			);
			path = DB;
			sourceTree = "<group>";
		};
		F8FCBEEE1F32B7ED000C5DF5 /* Define */ = {
			isa = PBXGroup;
			children = (
				F8FCBEEF1F32B804000C5DF5 /* SLDefine.h */,
				F8FCBEF01F32B837000C5DF5 /* SLLog.h */,
				F8FCBEF11F32B84B000C5DF5 /* SLSingleton.h */,
				F8FCBEF21F32B8FB000C5DF5 /* SLRacNew.h */,
			);
			path = Define;
			sourceTree = "<group>";
		};
/* End PBXGroup section */

/* Begin PBXNativeTarget section */
		F8CB54071F0C7CA60032DE46 /* Example */ = {
			isa = PBXNativeTarget;
			buildConfigurationList = F8CB541F1F0C7CA60032DE46 /* Build configuration list for PBXNativeTarget "Example" */;
			buildPhases = (
				D0FE0D1E9D949D861150F9F4 /* [CP] Check Pods Manifest.lock */,
				F8CB54041F0C7CA60032DE46 /* Sources */,
				F8CB54051F0C7CA60032DE46 /* Frameworks */,
				F8CB54061F0C7CA60032DE46 /* Resources */,
				1A8F4958F4AFEE6320DF791F /* [CP] Embed Pods Frameworks */,
				B52D529EC076DE3742A8D154 /* [CP] Copy Pods Resources */,
				F8FCBEEA1F31D515000C5DF5 /* TODO-Warning */,
			);
			buildRules = (
			);
			dependencies = (
			);
			name = Example;
			productName = Example;
			productReference = F8CB54081F0C7CA60032DE46 /* Example.app */;
			productType = "com.apple.product-type.application";
		};
/* End PBXNativeTarget section */

/* Begin PBXProject section */
		F8CB54001F0C7CA60032DE46 /* Project object */ = {
			isa = PBXProject;
			attributes = {
				LastUpgradeCheck = 0830;
				ORGANIZATIONNAME = SolarKit;
				TargetAttributes = {
					F8CB54071F0C7CA60032DE46 = {
						CreatedOnToolsVersion = 8.3.3;
						DevelopmentTeam = L5WU564W59;
						ProvisioningStyle = Manual;
					};
				};
			};
			buildConfigurationList = F8CB54031F0C7CA60032DE46 /* Build configuration list for PBXProject "Example" */;
			compatibilityVersion = "Xcode 3.2";
			developmentRegion = English;
			hasScannedForEncodings = 0;
			knownRegions = (
				en,
				Base,
			);
			mainGroup = F8CB53FF1F0C7CA60032DE46;
			productRefGroup = F8CB54091F0C7CA60032DE46 /* Products */;
			projectDirPath = "";
			projectRoot = "";
			targets = (
				F8CB54071F0C7CA60032DE46 /* Example */,
			);
		};
/* End PBXProject section */

/* Begin PBXResourcesBuildPhase section */
		F8CB54061F0C7CA60032DE46 /* Resources */ = {
			isa = PBXResourcesBuildPhase;
			buildActionMask = 2147483647;
			files = (
				F8CB541B1F0C7CA60032DE46 /* LaunchScreen.storyboard in Resources */,
				F8209A001FCF9AD600D2F549 /* SLWeb.bundle in Resources */,
				F8CB54181F0C7CA60032DE46 /* Assets.xcassets in Resources */,
				F8CB54161F0C7CA60032DE46 /* Main.storyboard in Resources */,
			);
			runOnlyForDeploymentPostprocessing = 0;
		};
/* End PBXResourcesBuildPhase section */

/* Begin PBXShellScriptBuildPhase section */
		1A8F4958F4AFEE6320DF791F /* [CP] Embed Pods Frameworks */ = {
			isa = PBXShellScriptBuildPhase;
			buildActionMask = 2147483647;
			files = (
			);
			inputPaths = (
			);
			name = "[CP] Embed Pods Frameworks";
			outputPaths = (
			);
			runOnlyForDeploymentPostprocessing = 0;
			shellPath = /bin/sh;
			shellScript = "\"${SRCROOT}/Pods/Target Support Files/Pods-Example/Pods-Example-frameworks.sh\"\n";
			showEnvVarsInLog = 0;
		};
		B52D529EC076DE3742A8D154 /* [CP] Copy Pods Resources */ = {
			isa = PBXShellScriptBuildPhase;
			buildActionMask = 2147483647;
			files = (
			);
			inputPaths = (
			);
			name = "[CP] Copy Pods Resources";
			outputPaths = (
			);
			runOnlyForDeploymentPostprocessing = 0;
			shellPath = /bin/sh;
			shellScript = "\"${SRCROOT}/Pods/Target Support Files/Pods-Example/Pods-Example-resources.sh\"\n";
			showEnvVarsInLog = 0;
		};
		D0FE0D1E9D949D861150F9F4 /* [CP] Check Pods Manifest.lock */ = {
			isa = PBXShellScriptBuildPhase;
			buildActionMask = 2147483647;
			files = (
			);
			inputPaths = (
			);
			name = "[CP] Check Pods Manifest.lock";
			outputPaths = (
			);
			runOnlyForDeploymentPostprocessing = 0;
			shellPath = /bin/sh;
			shellScript = "diff \"${PODS_ROOT}/../Podfile.lock\" \"${PODS_ROOT}/Manifest.lock\" > /dev/null\nif [ $? != 0 ] ; then\n    # print error to STDERR\n    echo \"error: The sandbox is not in sync with the Podfile.lock. Run 'pod install' or update your CocoaPods installation.\" >&2\n    exit 1\nfi\n";
			showEnvVarsInLog = 0;
		};
		F8FCBEEA1F31D515000C5DF5 /* TODO-Warning */ = {
			isa = PBXShellScriptBuildPhase;
			buildActionMask = 2147483647;
			files = (
			);
			inputPaths = (
			);
			name = "TODO-Warning";
			outputPaths = (
			);
			runOnlyForDeploymentPostprocessing = 0;
			shellPath = /bin/sh;
			shellScript = "KEYWORDS=\"TODO-|FIXME-|DevTeam-|XXX-\"\nfind \"${SRCROOT}/..\" \\( -name \"*.h\" -or -name \"*.m\" \\) -print0 | xargs -0 egrep --with-filename --line-number --only-matching \"($KEYWORDS).*\\$\" | perl -p -e \"s/($KEYWORDS)/ warning: \\$1/\"";
		};
/* End PBXShellScriptBuildPhase section */

/* Begin PBXSourcesBuildPhase section */
		F8CB54041F0C7CA60032DE46 /* Sources */ = {
			isa = PBXSourcesBuildPhase;
			buildActionMask = 2147483647;
			files = (
				F8209A141FCFA30D00D2F549 /* SLManager.m in Sources */,
				F8209A6A1FCFA32000D2F549 /* UINavigationBar+SLKit.m in Sources */,
				F8209A6E1FCFA32000D2F549 /* UINavigationItem+SLNilTitleBackItem.m in Sources */,
				F8209A671FCFA32000D2F549 /* UIImage+SLLuban.m in Sources */,
				F8209A6B1FCFA32000D2F549 /* UINavigationController+SLPopGesture.m in Sources */,
				F8682D371F4599A60065DA3E /* HomeVC.m in Sources */,
				F8CB54131F0C7CA60032DE46 /* ViewController.m in Sources */,
				F8CB54101F0C7CA60032DE46 /* AppDelegate.m in Sources */,
				F8209A6F1FCFA32000D2F549 /* UIScreen+SLKit.m in Sources */,
				F8209A691FCFA32000D2F549 /* UILabel+SLPlaceholder.m in Sources */,
				F80B84631FD5436200293B0D /* SLLogContainerAPI.m in Sources */,
				F876628B1F79ECC30090A17B /* SLLoginVC.m in Sources */,
				F82099F21FCE568700D2F549 /* SLWebCacheCategory.m in Sources */,
				F8209A701FCFA32000D2F549 /* UITextField+SLBlock.m in Sources */,
				F80B84421FD183B200293B0D /* SLURLRequestSerialization.m in Sources */,
				F8209A721FCFA32000D2F549 /* UIView+SLGesture.m in Sources */,
				F82099F11FCE568700D2F549 /* SLWebCache.m in Sources */,
				F82099F71FCE5FC500D2F549 /* NSString+SLWeb.m in Sources */,
				F8ABF5BC1F988996002DE5F3 /* YHResponse.m in Sources */,
				F86C8D591FD152910064508E /* SLWidget.m in Sources */,
				F8209A6C1FCFA32000D2F549 /* UINavigationController+SLRemoveVC.m in Sources */,
				F80B845A1FD4F86700293B0D /* SLAlertWidget.m in Sources */,
				F8209A5B1FCFA32000D2F549 /* NSBundle+SLFoundation.m in Sources */,
				F8209A5F1FCFA32000D2F549 /* NSTimer+SLBlock.m in Sources */,
				F8209A731FCFA32000D2F549 /* UIView+SLLayer.m in Sources */,
				F80B84431FD183B200293B0D /* SLURLSessionDemux.m in Sources */,
				F8ABF5BA1F988996002DE5F3 /* YHNetworkConfig.m in Sources */,
				F80B843F1FD183B200293B0D /* NSHTTPURLResponse+Rexxar.m in Sources */,
				F8209A161FCFA30E00D2F549 /* SLRequest.m in Sources */,
				F8209A181FCFA30E00D2F549 /* SLTarget.m in Sources */,
				F86C8D471FD136B20064508E /* NSURL+SLWeb.m in Sources */,
				F8209A191FCFA30E00D2F549 /* SLRequestLogPlugin.m in Sources */,
				F82099FD1FCF942C00D2F549 /* NSBundle+SLWeb.m in Sources */,
				F8209A631FCFA32000D2F549 /* UIButton+SLBlock.m in Sources */,
				F80B84601FD5358800293B0D /* SLNavigationBarWidget.m in Sources */,
				F80B84411FD183B200293B0D /* SLURLProtocol.m in Sources */,
				F82099FA1FCEB5AE00D2F549 /* NSDictionary+SLWeb.m in Sources */,
				F80B84501FD1842800293B0D /* SLContainerInterceptor.m in Sources */,
				F8209A711FCFA32000D2F549 /* UITextView+SLPlaceholder.m in Sources */,
				F8209A151FCFA30D00D2F549 /* SLNetworkConstant.m in Sources */,
				F8CB540D1F0C7CA60032DE46 /* main.m in Sources */,
				F87662791F78E2180090A17B /* SLMediator.m in Sources */,
				F8ABF5BB1F988996002DE5F3 /* YHRequest.m in Sources */,
				F87662881F79EC850090A17B /* SLAccount.m in Sources */,
				F8209A611FCFA32000D2F549 /* UIAlertView+SLBlock.m in Sources */,
				F8209A5D1FCFA32000D2F549 /* NSFileManager+SLFoundation.m in Sources */,
				F8209A6D1FCFA32000D2F549 /* UINavigationController+SLTransition.m in Sources */,
				F8209A651FCFA32000D2F549 /* UIColor+SLHex.m in Sources */,
				F82099F31FCE568700D2F549 /* SLWebRoute.m in Sources */,
				F8209A681FCFA32000D2F549 /* UIImagePickerController+SLBlock.m in Sources */,
				F8209A171FCFA30E00D2F549 /* SLResponse.m in Sources */,
				F82099F41FCE568700D2F549 /* SLWebViewController.m in Sources */,
				F80B844E1FD1842800293B0D /* SLRequestDecorator.m in Sources */,
				F80B84541FD4E15F00293B0D /* SLDecorator.m in Sources */,
				F8209A5C1FCFA32000D2F549 /* NSData+SLFoundation.m in Sources */,
				F8209A621FCFA32000D2F549 /* UIApplication+SLKit.m in Sources */,
				F8209A1A1FCFA30E00D2F549 /* SLRequestToDictionaryPlugin.m in Sources */,
				F80B84691FD5485000293B0D /* SLOpenWebVCContainerAPI.m in Sources */,
				F8209A641FCFA32000D2F549 /* UICollectionViewCell+SLHighlighted.m in Sources */,
				F80B84661FD544F100293B0D /* NSData+SLWeb.m in Sources */,
				F80B844F1FD1842800293B0D /* SLRequestInterceptor.m in Sources */,
				F8209A601FCFA32000D2F549 /* UIActionSheet+SLBlock.m in Sources */,
				F86C8D3C1FCFF43C0064508E /* UIWebView+SLGobackGesture.m in Sources */,
				F8209A5A1FCFA32000D2F549 /* NSArray+SLFoundation.m in Sources */,
				F8209A761FCFA32000D2F549 /* UIViewController+SLNavigationItem.m in Sources */,
				F8ABF5B91F988996002DE5F3 /* YHManager.m in Sources */,
				F8209A5E1FCFA32000D2F549 /* NSString+SLFoundation.m in Sources */,
				F80B84521FD4E07700293B0D /* SLContainerAPI.m in Sources */,
				F8209A661FCFA32000D2F549 /* UIDevice+SLKit.m in Sources */,
				F8209A741FCFA32000D2F549 /* UIView+SLRect.m in Sources */,
				F80B845D1FD5354E00293B0D /* UIColor+SLWebHexColor.m in Sources */,
				F8209A751FCFA32000D2F549 /* UIViewController+SLKit.m in Sources */,
			);
			runOnlyForDeploymentPostprocessing = 0;
		};
/* End PBXSourcesBuildPhase section */

/* Begin PBXVariantGroup section */
		F8CB54141F0C7CA60032DE46 /* Main.storyboard */ = {
			isa = PBXVariantGroup;
			children = (
				F8CB54151F0C7CA60032DE46 /* Base */,
			);
			name = Main.storyboard;
			sourceTree = "<group>";
		};
		F8CB54191F0C7CA60032DE46 /* LaunchScreen.storyboard */ = {
			isa = PBXVariantGroup;
			children = (
				F8CB541A1F0C7CA60032DE46 /* Base */,
			);
			name = LaunchScreen.storyboard;
			sourceTree = "<group>";
		};
/* End PBXVariantGroup section */

/* Begin XCBuildConfiguration section */
		F8CB541D1F0C7CA60032DE46 /* Debug */ = {
			isa = XCBuildConfiguration;
			buildSettings = {
				ALWAYS_SEARCH_USER_PATHS = NO;
				CLANG_ANALYZER_NONNULL = YES;
				CLANG_ANALYZER_NUMBER_OBJECT_CONVERSION = YES_AGGRESSIVE;
				CLANG_CXX_LANGUAGE_STANDARD = "gnu++0x";
				CLANG_CXX_LIBRARY = "libc++";
				CLANG_ENABLE_MODULES = YES;
				CLANG_ENABLE_OBJC_ARC = YES;
				CLANG_WARN_BOOL_CONVERSION = YES;
				CLANG_WARN_CONSTANT_CONVERSION = YES;
				CLANG_WARN_DIRECT_OBJC_ISA_USAGE = YES_ERROR;
				CLANG_WARN_DOCUMENTATION_COMMENTS = YES;
				CLANG_WARN_EMPTY_BODY = YES;
				CLANG_WARN_ENUM_CONVERSION = YES;
				CLANG_WARN_INFINITE_RECURSION = YES;
				CLANG_WARN_INT_CONVERSION = YES;
				CLANG_WARN_OBJC_ROOT_CLASS = YES_ERROR;
				CLANG_WARN_SUSPICIOUS_MOVE = YES;
				CLANG_WARN_UNREACHABLE_CODE = YES;
				CLANG_WARN__DUPLICATE_METHOD_MATCH = YES;
				"CODE_SIGN_IDENTITY[sdk=iphoneos*]" = "iPhone Developer";
				COPY_PHASE_STRIP = NO;
				DEBUG_INFORMATION_FORMAT = dwarf;
				ENABLE_STRICT_OBJC_MSGSEND = YES;
				ENABLE_TESTABILITY = YES;
				GCC_C_LANGUAGE_STANDARD = gnu99;
				GCC_DYNAMIC_NO_PIC = NO;
				GCC_NO_COMMON_BLOCKS = YES;
				GCC_OPTIMIZATION_LEVEL = 0;
				GCC_PREPROCESSOR_DEFINITIONS = (
					"DEBUG=1",
					"$(inherited)",
				);
				GCC_WARN_64_TO_32_BIT_CONVERSION = YES;
				GCC_WARN_ABOUT_RETURN_TYPE = YES_ERROR;
				GCC_WARN_UNDECLARED_SELECTOR = YES;
				GCC_WARN_UNINITIALIZED_AUTOS = YES_AGGRESSIVE;
				GCC_WARN_UNUSED_FUNCTION = YES;
				GCC_WARN_UNUSED_VARIABLE = YES;
				IPHONEOS_DEPLOYMENT_TARGET = 10.3;
				MTL_ENABLE_DEBUG_INFO = YES;
				ONLY_ACTIVE_ARCH = YES;
				SDKROOT = iphoneos;
				TARGETED_DEVICE_FAMILY = "1,2";
			};
			name = Debug;
		};
		F8CB541E1F0C7CA60032DE46 /* Release */ = {
			isa = XCBuildConfiguration;
			buildSettings = {
				ALWAYS_SEARCH_USER_PATHS = NO;
				CLANG_ANALYZER_NONNULL = YES;
				CLANG_ANALYZER_NUMBER_OBJECT_CONVERSION = YES_AGGRESSIVE;
				CLANG_CXX_LANGUAGE_STANDARD = "gnu++0x";
				CLANG_CXX_LIBRARY = "libc++";
				CLANG_ENABLE_MODULES = YES;
				CLANG_ENABLE_OBJC_ARC = YES;
				CLANG_WARN_BOOL_CONVERSION = YES;
				CLANG_WARN_CONSTANT_CONVERSION = YES;
				CLANG_WARN_DIRECT_OBJC_ISA_USAGE = YES_ERROR;
				CLANG_WARN_DOCUMENTATION_COMMENTS = YES;
				CLANG_WARN_EMPTY_BODY = YES;
				CLANG_WARN_ENUM_CONVERSION = YES;
				CLANG_WARN_INFINITE_RECURSION = YES;
				CLANG_WARN_INT_CONVERSION = YES;
				CLANG_WARN_OBJC_ROOT_CLASS = YES_ERROR;
				CLANG_WARN_SUSPICIOUS_MOVE = YES;
				CLANG_WARN_UNREACHABLE_CODE = YES;
				CLANG_WARN__DUPLICATE_METHOD_MATCH = YES;
				"CODE_SIGN_IDENTITY[sdk=iphoneos*]" = "iPhone Developer";
				COPY_PHASE_STRIP = NO;
				DEBUG_INFORMATION_FORMAT = "dwarf-with-dsym";
				ENABLE_NS_ASSERTIONS = NO;
				ENABLE_STRICT_OBJC_MSGSEND = YES;
				GCC_C_LANGUAGE_STANDARD = gnu99;
				GCC_NO_COMMON_BLOCKS = YES;
				GCC_PREPROCESSOR_DEFINITIONS = "RELEASE=1";
				GCC_WARN_64_TO_32_BIT_CONVERSION = YES;
				GCC_WARN_ABOUT_RETURN_TYPE = YES_ERROR;
				GCC_WARN_UNDECLARED_SELECTOR = YES;
				GCC_WARN_UNINITIALIZED_AUTOS = YES_AGGRESSIVE;
				GCC_WARN_UNUSED_FUNCTION = YES;
				GCC_WARN_UNUSED_VARIABLE = YES;
				IPHONEOS_DEPLOYMENT_TARGET = 10.3;
				MTL_ENABLE_DEBUG_INFO = NO;
				SDKROOT = iphoneos;
				TARGETED_DEVICE_FAMILY = "1,2";
				VALIDATE_PRODUCT = YES;
			};
			name = Release;
		};
		F8CB54201F0C7CA60032DE46 /* Debug */ = {
			isa = XCBuildConfiguration;
			baseConfigurationReference = 646B9356CD92FBAA7B38C540 /* Pods-Example.debug.xcconfig */;
			buildSettings = {
				ASSETCATALOG_COMPILER_APPICON_NAME = AppIcon;
				DEVELOPMENT_TEAM = L5WU564W59;
				INFOPLIST_FILE = Example/Info.plist;
				IPHONEOS_DEPLOYMENT_TARGET = 8.0;
				LD_RUNPATH_SEARCH_PATHS = "$(inherited) @executable_path/Frameworks";
				PRODUCT_BUNDLE_IDENTIFIER = com.SolarKit.Example;
				PRODUCT_NAME = "$(TARGET_NAME)";
				PROVISIONING_PROFILE = "9b6ccde1-bfe6-4c3d-89b3-08b738d180f8";
				PROVISIONING_PROFILE_SPECIFIER = XNWildcard;
			};
			name = Debug;
		};
		F8CB54211F0C7CA60032DE46 /* Release */ = {
			isa = XCBuildConfiguration;
			baseConfigurationReference = FD26416DBAEA85F95F654CBF /* Pods-Example.release.xcconfig */;
			buildSettings = {
				ASSETCATALOG_COMPILER_APPICON_NAME = AppIcon;
				DEVELOPMENT_TEAM = L5WU564W59;
				INFOPLIST_FILE = Example/Info.plist;
				IPHONEOS_DEPLOYMENT_TARGET = 8.0;
				LD_RUNPATH_SEARCH_PATHS = "$(inherited) @executable_path/Frameworks";
				PRODUCT_BUNDLE_IDENTIFIER = com.SolarKit.Example;
				PRODUCT_NAME = "$(TARGET_NAME)";
				PROVISIONING_PROFILE = "9b6ccde1-bfe6-4c3d-89b3-08b738d180f8";
				PROVISIONING_PROFILE_SPECIFIER = XNWildcard;
			};
			name = Release;
		};
/* End XCBuildConfiguration section */

/* Begin XCConfigurationList section */
		F8CB54031F0C7CA60032DE46 /* Build configuration list for PBXProject "Example" */ = {
			isa = XCConfigurationList;
			buildConfigurations = (
				F8CB541D1F0C7CA60032DE46 /* Debug */,
				F8CB541E1F0C7CA60032DE46 /* Release */,
			);
			defaultConfigurationIsVisible = 0;
			defaultConfigurationName = Release;
		};
		F8CB541F1F0C7CA60032DE46 /* Build configuration list for PBXNativeTarget "Example" */ = {
			isa = XCConfigurationList;
			buildConfigurations = (
				F8CB54201F0C7CA60032DE46 /* Debug */,
				F8CB54211F0C7CA60032DE46 /* Release */,
			);
			defaultConfigurationIsVisible = 0;
			defaultConfigurationName = Release;
		};
/* End XCConfigurationList section */
	};
	rootObject = F8CB54001F0C7CA60032DE46 /* Project object */;
}
